// !$*UTF8*$!
{
	archiveVersion = 1;
	classes = {
	};
	objectVersion = 46;
	objects = {

/* Begin PBXBuildFile section */
		05BC34BF1D85B8A300306A4F /* Renderer.swift in Sources */ = {isa = PBXBuildFile; fileRef = 05BC34BC1D85B8A300306A4F /* Renderer.swift */; };
		05BC34C01D85B8A300306A4F /* Shader.swift in Sources */ = {isa = PBXBuildFile; fileRef = 05BC34BD1D85B8A300306A4F /* Shader.swift */; };
		05BC34C51D85BBB100306A4F /* BGFXRenderer.swift in Sources */ = {isa = PBXBuildFile; fileRef = 05BC34C11D85B8AB00306A4F /* BGFXRenderer.swift */; };
		05BC358F1D8850B000306A4F /* GLKit.framework in Frameworks */ = {isa = PBXBuildFile; fileRef = 05BC358E1D8850B000306A4F /* GLKit.framework */; };
		05D231C11D9CD19000611AA3 /* BGFXView.swift in Sources */ = {isa = PBXBuildFile; fileRef = 05D231C01D9CD19000611AA3 /* BGFXView.swift */; };
		080306AA1D932B3B008CAC8E /* PhysicsShapeCircle.swift in Sources */ = {isa = PBXBuildFile; fileRef = 080306A91D932B3B008CAC8E /* PhysicsShapeCircle.swift */; };
		080306AC1D933B4D008CAC8E /* PhysicsContact.swift in Sources */ = {isa = PBXBuildFile; fileRef = 080306AB1D933B4D008CAC8E /* PhysicsContact.swift */; };
		080306AE1D941F4D008CAC8E /* PhysicsShapeBox.swift in Sources */ = {isa = PBXBuildFile; fileRef = 080306AD1D941F4D008CAC8E /* PhysicsShapeBox.swift */; };
		080306B01D942000008CAC8E /* PhysicsShapePolygon.swift in Sources */ = {isa = PBXBuildFile; fileRef = 080306AF1D942000008CAC8E /* PhysicsShapePolygon.swift */; };
		080306F31D97F093008CAC8E /* BehaviourProtocol.swift in Sources */ = {isa = PBXBuildFile; fileRef = 080306F21D97F093008CAC8E /* BehaviourProtocol.swift */; };
		080306F81D97F233008CAC8E /* Prioritized.swift in Sources */ = {isa = PBXBuildFile; fileRef = 080306F71D97F233008CAC8E /* Prioritized.swift */; };
		080307191D994FED008CAC8E /* System.swift in Sources */ = {isa = PBXBuildFile; fileRef = 080307181D994FED008CAC8E /* System.swift */; };
		0803071F1D9AFFDC008CAC8E /* Node+Hierarchy.swift in Sources */ = {isa = PBXBuildFile; fileRef = 0803071E1D9AFFDC008CAC8E /* Node+Hierarchy.swift */; };
		080307211D9B1337008CAC8E /* UserComponents.swift in Sources */ = {isa = PBXBuildFile; fileRef = 080307201D9B1337008CAC8E /* UserComponents.swift */; };
		080307231D9B1C45008CAC8E /* PhysicsSystem.swift in Sources */ = {isa = PBXBuildFile; fileRef = 080307221D9B1C44008CAC8E /* PhysicsSystem.swift */; };
		080307271D9D4017008CAC8E /* Director+Internal.swift in Sources */ = {isa = PBXBuildFile; fileRef = 080307261D9D4017008CAC8E /* Director+Internal.swift */; };
		080B06831DC9380E0037E1F1 /* SpriteFrameCache.swift in Sources */ = {isa = PBXBuildFile; fileRef = 080B06821DC9380E0037E1F1 /* SpriteFrameCache.swift */; };
		080B068C1DC9EC8C0037E1F1 /* WeakBox.swift in Sources */ = {isa = PBXBuildFile; fileRef = 080B068B1DC9EC8C0037E1F1 /* WeakBox.swift */; };
		080B068F1DC9F60B0037E1F1 /* Texture.swift in Sources */ = {isa = PBXBuildFile; fileRef = 080B068E1DC9F60B0037E1F1 /* Texture.swift */; };
		080B06911DC9FAC80037E1F1 /* Node+Projection.swift in Sources */ = {isa = PBXBuildFile; fileRef = 080B06901DC9FAC80037E1F1 /* Node+Projection.swift */; };
		080B06931DC9FE3E0037E1F1 /* TextureCache.swift in Sources */ = {isa = PBXBuildFile; fileRef = 080B06921DC9FE3E0037E1F1 /* TextureCache.swift */; };
		080B06941DCA092C0037E1F1 /* Transition.swift in Sources */ = {isa = PBXBuildFile; fileRef = 081FBD0D1D46289A005838B8 /* Transition.swift */; };
		080B06951DCA09410037E1F1 /* RenderTexture.swift in Sources */ = {isa = PBXBuildFile; fileRef = 081FBD051D46289A005838B8 /* RenderTexture.swift */; };
		080B06961DCA09F70037E1F1 /* RenderTextureSprite.swift in Sources */ = {isa = PBXBuildFile; fileRef = 081FBD061D46289A005838B8 /* RenderTextureSprite.swift */; };
		0812ACEC1D52A70700AE46E8 /* libpng.a in Frameworks */ = {isa = PBXBuildFile; fileRef = 0812ACE91D52A6F900AE46E8 /* libpng.a */; };
		0812AD031D538D7600AE46E8 /* Color.swift in Sources */ = {isa = PBXBuildFile; fileRef = 0812AD021D538D7600AE46E8 /* Color.swift */; };
		0817EE7D1DC381B40084DAD3 /* Texture+Image.swift in Sources */ = {isa = PBXBuildFile; fileRef = 0817EE7C1DC381B40084DAD3 /* Texture+Image.swift */; };
		081FBC261D4625A6005838B8 /* Assets.xcassets in Resources */ = {isa = PBXBuildFile; fileRef = 081FBC251D4625A6005838B8 /* Assets.xcassets */; };
		081FBCE91D462732005838B8 /* MetalView.swift in Sources */ = {isa = PBXBuildFile; fileRef = 081FBCBA1D462732005838B8 /* MetalView.swift */; };
		081FBCEA1D462732005838B8 /* ArrayExtensions.swift in Sources */ = {isa = PBXBuildFile; fileRef = 081FBCBC1D462732005838B8 /* ArrayExtensions.swift */; };
		081FBD0E1D46289A005838B8 /* ColorNode.swift in Sources */ = {isa = PBXBuildFile; fileRef = 081FBCF81D46289A005838B8 /* ColorNode.swift */; };
		081FBD0F1D46289A005838B8 /* Director.swift in Sources */ = {isa = PBXBuildFile; fileRef = 081FBCF91D46289A005838B8 /* Director.swift */; };
		081FBD101D46289A005838B8 /* Layout.swift in Sources */ = {isa = PBXBuildFile; fileRef = 081FBCFA1D46289A005838B8 /* Layout.swift */; };
		081FBD111D46289A005838B8 /* LayoutBox.swift in Sources */ = {isa = PBXBuildFile; fileRef = 081FBCFB1D46289A005838B8 /* LayoutBox.swift */; };
		081FBD121D46289A005838B8 /* Node.swift in Sources */ = {isa = PBXBuildFile; fileRef = 081FBCFC1D46289A005838B8 /* Node.swift */; };
		081FBD131D46289A005838B8 /* Node+Actions.swift in Sources */ = {isa = PBXBuildFile; fileRef = 081FBCFD1D46289A005838B8 /* Node+Actions.swift */; };
		081FBD151D46289A005838B8 /* Node+Convertation.swift in Sources */ = {isa = PBXBuildFile; fileRef = 081FBCFF1D46289A005838B8 /* Node+Convertation.swift */; };
		081FBD171D46289A005838B8 /* Node+Scene.swift in Sources */ = {isa = PBXBuildFile; fileRef = 081FBD011D46289A005838B8 /* Node+Scene.swift */; };
		081FBD181D46289A005838B8 /* Node+Transform.swift in Sources */ = {isa = PBXBuildFile; fileRef = 081FBD021D46289A005838B8 /* Node+Transform.swift */; };
		081FBD191D46289A005838B8 /* Node+Traverse.swift in Sources */ = {isa = PBXBuildFile; fileRef = 081FBD031D46289A005838B8 /* Node+Traverse.swift */; };
		081FBD1A1D46289A005838B8 /* RendarableNode.swift in Sources */ = {isa = PBXBuildFile; fileRef = 081FBD041D46289A005838B8 /* RendarableNode.swift */; };
		081FBD1D1D46289A005838B8 /* Responder.swift in Sources */ = {isa = PBXBuildFile; fileRef = 081FBD071D46289A005838B8 /* Responder.swift */; };
		081FBD1E1D46289A005838B8 /* ResponderManager.swift in Sources */ = {isa = PBXBuildFile; fileRef = 081FBD081D46289A005838B8 /* ResponderManager.swift */; };
		081FBD1F1D46289A005838B8 /* Scene.swift in Sources */ = {isa = PBXBuildFile; fileRef = 081FBD091D46289A005838B8 /* Scene.swift */; };
		081FBD201D46289A005838B8 /* Sprite.swift in Sources */ = {isa = PBXBuildFile; fileRef = 081FBD0A1D46289A005838B8 /* Sprite.swift */; };
		081FBD221D46289A005838B8 /* SpriteFrame.swift in Sources */ = {isa = PBXBuildFile; fileRef = 081FBD0C1D46289A005838B8 /* SpriteFrame.swift */; };
		081FBD261D4628F8005838B8 /* MainScene.swift in Sources */ = {isa = PBXBuildFile; fileRef = 081FBD251D4628F8005838B8 /* MainScene.swift */; };
		081FBD2D1D463207005838B8 /* Resources in Resources */ = {isa = PBXBuildFile; fileRef = 081FBD2C1D463207005838B8 /* Resources */; };
		082AD79D1DCFD00700BF495A /* ViewportNode.swift in Sources */ = {isa = PBXBuildFile; fileRef = 08DE0B991DB02BE400721CA0 /* ViewportNode.swift */; };
		082AD7A11DCFD00E00BF495A /* Camera.swift in Sources */ = {isa = PBXBuildFile; fileRef = 08FAB6DE1DAACA0200B3C10C /* Camera.swift */; };
		082AD7A21DCFD38B00BF495A /* ViewportScene.swift in Sources */ = {isa = PBXBuildFile; fileRef = 08B3B51B1DB2B98200D564CB /* ViewportScene.swift */; };
		082E904E1DBE92DF00AD32AA /* Image.swift in Sources */ = {isa = PBXBuildFile; fileRef = 082E904D1DBE92DF00AD32AA /* Image.swift */; };
		082E90501DBE9B8700AD32AA /* Image+PNG.swift in Sources */ = {isa = PBXBuildFile; fileRef = 082E904F1DBE9B8700AD32AA /* Image+PNG.swift */; };
		0833CA551DCB47AE0090D4CC /* FileLocator.swift in Sources */ = {isa = PBXBuildFile; fileRef = 0833CA541DCB47AE0090D4CC /* FileLocator.swift */; };
		0833CA591DCBACC70090D4CC /* Sprite9Slice.swift in Sources */ = {isa = PBXBuildFile; fileRef = 081FBD0B1D46289A005838B8 /* Sprite9Slice.swift */; };
		0847405E1D8362FA0053DD2E /* Node+Component.swift in Sources */ = {isa = PBXBuildFile; fileRef = 0847405D1D8362FA0053DD2E /* Node+Component.swift */; };
		084AB53E1DCA33040013AD51 /* Setup.swift in Sources */ = {isa = PBXBuildFile; fileRef = 084AB53D1DCA33040013AD51 /* Setup.swift */; };
		0854AB371D7C91A90037AB56 /* ActionSpeed.swift in Sources */ = {isa = PBXBuildFile; fileRef = 0854AB361D7C91A90037AB56 /* ActionSpeed.swift */; };
		0854AB391D7C95BF0037AB56 /* ActionConcurrent.swift in Sources */ = {isa = PBXBuildFile; fileRef = 0854AB381D7C95BF0037AB56 /* ActionConcurrent.swift */; };
		085567861DC53858009B5B60 /* BlendMode.swift in Sources */ = {isa = PBXBuildFile; fileRef = 085567851DC53858009B5B60 /* BlendMode.swift */; };
		085996B41DCDFDC0003A7B6A /* BGFXRenderer+RenderTexture.swift in Sources */ = {isa = PBXBuildFile; fileRef = 085996B31DCDFDC0003A7B6A /* BGFXRenderer+RenderTexture.swift */; };
		086652721D7333B500BCD9CE /* Scheduling.swift in Sources */ = {isa = PBXBuildFile; fileRef = 086652711D7333B500BCD9CE /* Scheduling.swift */; };
		0866527D1D73359800BCD9CE /* Scheduler.swift in Sources */ = {isa = PBXBuildFile; fileRef = 0866527C1D73359800BCD9CE /* Scheduler.swift */; };
		0866527F1D7335D800BCD9CE /* Timer.swift in Sources */ = {isa = PBXBuildFile; fileRef = 0866527E1D7335D800BCD9CE /* Timer.swift */; };
		086652811D73412600BCD9CE /* Action.swift in Sources */ = {isa = PBXBuildFile; fileRef = 086652801D73412600BCD9CE /* Action.swift */; };
		087BFA081D82D16100F940D4 /* Behaviour.swift in Sources */ = {isa = PBXBuildFile; fileRef = 087BFA071D82D16100F940D4 /* Behaviour.swift */; };
		087BFA0E1D82D1BE00F940D4 /* Component.swift in Sources */ = {isa = PBXBuildFile; fileRef = 087BFA0D1D82D1BE00F940D4 /* Component.swift */; };
		087BFA101D82EB2600F940D4 /* main.swift in Sources */ = {isa = PBXBuildFile; fileRef = 087BFA0F1D82EB2600F940D4 /* main.swift */; };
		087BFA131D82EC7700F940D4 /* AppDelegate.swift in Sources */ = {isa = PBXBuildFile; fileRef = 087BFA111D82EC7700F940D4 /* AppDelegate.swift */; };
		087BFA141D82EC7700F940D4 /* NSEvent+Fiber2d.swift in Sources */ = {isa = PBXBuildFile; fileRef = 087BFA121D82EC7700F940D4 /* NSEvent+Fiber2d.swift */; };
		087BFA161D82F5C200F940D4 /* DirectorView.swift in Sources */ = {isa = PBXBuildFile; fileRef = 087BFA151D82F5C200F940D4 /* DirectorView.swift */; };
		087BFA181D82F60500F940D4 /* Director+macOS.swift in Sources */ = {isa = PBXBuildFile; fileRef = 087BFA171D82F60500F940D4 /* Director+macOS.swift */; };
		0885098A1D7B4F2F003EF800 /* Tagged.swift in Sources */ = {isa = PBXBuildFile; fileRef = 088509891D7B4F2F003EF800 /* Tagged.swift */; };
		0885098D1D7B5428003EF800 /* ActionTransform.swift in Sources */ = {isa = PBXBuildFile; fileRef = 0885098C1D7B5428003EF800 /* ActionTransform.swift */; };
		0885098F1D7B548B003EF800 /* ActionContinous.swift in Sources */ = {isa = PBXBuildFile; fileRef = 0885098E1D7B548B003EF800 /* ActionContinous.swift */; };
		088509911D7B55AF003EF800 /* ActionInstant.swift in Sources */ = {isa = PBXBuildFile; fileRef = 088509901D7B55AF003EF800 /* ActionInstant.swift */; };
		088509931D7B7AD8003EF800 /* ActionRepeat.swift in Sources */ = {isa = PBXBuildFile; fileRef = 088509921D7B7AD8003EF800 /* ActionRepeat.swift */; };
		088509951D7B876D003EF800 /* ActionEase.swift in Sources */ = {isa = PBXBuildFile; fileRef = 088509941D7B876D003EF800 /* ActionEase.swift */; };
		088509991D7C6A5E003EF800 /* ActionSequence.swift in Sources */ = {isa = PBXBuildFile; fileRef = 088509981D7C6A5E003EF800 /* ActionSequence.swift */; };
		088509A51D7DADFB003EF800 /* ActionInstant+Node.swift in Sources */ = {isa = PBXBuildFile; fileRef = 088509A41D7DADFB003EF800 /* ActionInstant+Node.swift */; };
		08855BE41D9DA6540090EA84 /* UnitTypes.swift in Sources */ = {isa = PBXBuildFile; fileRef = 08855BE31D9DA6540090EA84 /* UnitTypes.swift */; };
		08A73C0A1DCB2A7E00BF5AE8 /* File.swift in Sources */ = {isa = PBXBuildFile; fileRef = 08A73C091DCB2A7E00BF5AE8 /* File.swift */; };
		08A8D54D1D53DA9600262C0B /* Extensions-Temp.swift in Sources */ = {isa = PBXBuildFile; fileRef = 08A8D54C1D53DA9600262C0B /* Extensions-Temp.swift */; };
		08AA0EE71DBFC5F800748555 /* libSwiftBGFX.dylib in Frameworks */ = {isa = PBXBuildFile; fileRef = 08AA0EE61DBFC5F800748555 /* libSwiftBGFX.dylib */; };
		08B3B51E1DB5378100D564CB /* UITouch+Node.swift in Sources */ = {isa = PBXBuildFile; fileRef = 08B3B51D1DB5378100D564CB /* UITouch+Node.swift */; };
		08BB5C821D7EE09E004A5561 /* ActionRewind.swift in Sources */ = {isa = PBXBuildFile; fileRef = 08BB5C811D7EE09E004A5561 /* ActionRewind.swift */; };
		08C1CB101D8EFFD5006CDCCB /* chipmunk.c in Sources */ = {isa = PBXBuildFile; fileRef = 08C1CAEE1D8EFFD5006CDCCB /* chipmunk.c */; };
		08C1CB111D8EFFD5006CDCCB /* CMakeLists.txt in Resources */ = {isa = PBXBuildFile; fileRef = 08C1CAEF1D8EFFD5006CDCCB /* CMakeLists.txt */; };
		08C1CB121D8EFFD5006CDCCB /* cpArbiter.c in Sources */ = {isa = PBXBuildFile; fileRef = 08C1CAF01D8EFFD5006CDCCB /* cpArbiter.c */; };
		08C1CB131D8EFFD5006CDCCB /* cpArray.c in Sources */ = {isa = PBXBuildFile; fileRef = 08C1CAF11D8EFFD5006CDCCB /* cpArray.c */; };
		08C1CB141D8EFFD5006CDCCB /* cpBBTree.c in Sources */ = {isa = PBXBuildFile; fileRef = 08C1CAF21D8EFFD5006CDCCB /* cpBBTree.c */; };
		08C1CB151D8EFFD5006CDCCB /* cpBody.c in Sources */ = {isa = PBXBuildFile; fileRef = 08C1CAF31D8EFFD5006CDCCB /* cpBody.c */; };
		08C1CB161D8EFFD5006CDCCB /* cpCollision.c in Sources */ = {isa = PBXBuildFile; fileRef = 08C1CAF41D8EFFD5006CDCCB /* cpCollision.c */; };
		08C1CB171D8EFFD5006CDCCB /* cpConstraint.c in Sources */ = {isa = PBXBuildFile; fileRef = 08C1CAF51D8EFFD5006CDCCB /* cpConstraint.c */; };
		08C1CB181D8EFFD5006CDCCB /* cpDampedRotarySpring.c in Sources */ = {isa = PBXBuildFile; fileRef = 08C1CAF61D8EFFD5006CDCCB /* cpDampedRotarySpring.c */; };
		08C1CB191D8EFFD5006CDCCB /* cpDampedSpring.c in Sources */ = {isa = PBXBuildFile; fileRef = 08C1CAF71D8EFFD5006CDCCB /* cpDampedSpring.c */; };
		08C1CB1A1D8EFFD5006CDCCB /* cpGearJoint.c in Sources */ = {isa = PBXBuildFile; fileRef = 08C1CAF81D8EFFD5006CDCCB /* cpGearJoint.c */; };
		08C1CB1B1D8EFFD5006CDCCB /* cpGrooveJoint.c in Sources */ = {isa = PBXBuildFile; fileRef = 08C1CAF91D8EFFD5006CDCCB /* cpGrooveJoint.c */; };
		08C1CB1C1D8EFFD5006CDCCB /* cpHashSet.c in Sources */ = {isa = PBXBuildFile; fileRef = 08C1CAFA1D8EFFD5006CDCCB /* cpHashSet.c */; };
		08C1CB1D1D8EFFD5006CDCCB /* cpHastySpace.c in Sources */ = {isa = PBXBuildFile; fileRef = 08C1CAFB1D8EFFD5006CDCCB /* cpHastySpace.c */; };
		08C1CB1E1D8EFFD5006CDCCB /* cpMarch.c in Sources */ = {isa = PBXBuildFile; fileRef = 08C1CAFC1D8EFFD5006CDCCB /* cpMarch.c */; };
		08C1CB1F1D8EFFD5006CDCCB /* cpPinJoint.c in Sources */ = {isa = PBXBuildFile; fileRef = 08C1CAFD1D8EFFD5006CDCCB /* cpPinJoint.c */; };
		08C1CB201D8EFFD5006CDCCB /* cpPivotJoint.c in Sources */ = {isa = PBXBuildFile; fileRef = 08C1CAFE1D8EFFD5006CDCCB /* cpPivotJoint.c */; };
		08C1CB211D8EFFD5006CDCCB /* cpPolyline.c in Sources */ = {isa = PBXBuildFile; fileRef = 08C1CAFF1D8EFFD5006CDCCB /* cpPolyline.c */; };
		08C1CB221D8EFFD5006CDCCB /* cpPolyShape.c in Sources */ = {isa = PBXBuildFile; fileRef = 08C1CB001D8EFFD5006CDCCB /* cpPolyShape.c */; };
		08C1CB231D8EFFD5006CDCCB /* cpRatchetJoint.c in Sources */ = {isa = PBXBuildFile; fileRef = 08C1CB011D8EFFD5006CDCCB /* cpRatchetJoint.c */; };
		08C1CB241D8EFFD5006CDCCB /* cpRobust.c in Sources */ = {isa = PBXBuildFile; fileRef = 08C1CB021D8EFFD5006CDCCB /* cpRobust.c */; };
		08C1CB251D8EFFD5006CDCCB /* cpRotaryLimitJoint.c in Sources */ = {isa = PBXBuildFile; fileRef = 08C1CB031D8EFFD5006CDCCB /* cpRotaryLimitJoint.c */; };
		08C1CB261D8EFFD5006CDCCB /* cpShape.c in Sources */ = {isa = PBXBuildFile; fileRef = 08C1CB041D8EFFD5006CDCCB /* cpShape.c */; };
		08C1CB271D8EFFD5006CDCCB /* cpSimpleMotor.c in Sources */ = {isa = PBXBuildFile; fileRef = 08C1CB051D8EFFD5006CDCCB /* cpSimpleMotor.c */; };
		08C1CB281D8EFFD5006CDCCB /* cpSlideJoint.c in Sources */ = {isa = PBXBuildFile; fileRef = 08C1CB061D8EFFD5006CDCCB /* cpSlideJoint.c */; };
		08C1CB291D8EFFD5006CDCCB /* cpSpace.c in Sources */ = {isa = PBXBuildFile; fileRef = 08C1CB071D8EFFD5006CDCCB /* cpSpace.c */; };
		08C1CB2A1D8EFFD5006CDCCB /* cpSpaceComponent.c in Sources */ = {isa = PBXBuildFile; fileRef = 08C1CB081D8EFFD5006CDCCB /* cpSpaceComponent.c */; };
		08C1CB2B1D8EFFD5006CDCCB /* cpSpaceDebug.c in Sources */ = {isa = PBXBuildFile; fileRef = 08C1CB091D8EFFD5006CDCCB /* cpSpaceDebug.c */; };
		08C1CB2C1D8EFFD5006CDCCB /* cpSpaceHash.c in Sources */ = {isa = PBXBuildFile; fileRef = 08C1CB0A1D8EFFD5006CDCCB /* cpSpaceHash.c */; };
		08C1CB2D1D8EFFD5006CDCCB /* cpSpaceQuery.c in Sources */ = {isa = PBXBuildFile; fileRef = 08C1CB0B1D8EFFD5006CDCCB /* cpSpaceQuery.c */; };
		08C1CB2E1D8EFFD5006CDCCB /* cpSpaceStep.c in Sources */ = {isa = PBXBuildFile; fileRef = 08C1CB0C1D8EFFD5006CDCCB /* cpSpaceStep.c */; };
		08C1CB2F1D8EFFD5006CDCCB /* cpSpatialIndex.c in Sources */ = {isa = PBXBuildFile; fileRef = 08C1CB0D1D8EFFD5006CDCCB /* cpSpatialIndex.c */; };
		08C1CB301D8EFFD5006CDCCB /* cpSweep1D.c in Sources */ = {isa = PBXBuildFile; fileRef = 08C1CB0E1D8EFFD5006CDCCB /* cpSweep1D.c */; };
		08C1CB321D8F00C6006CDCCB /* PhysicsBody.swift in Sources */ = {isa = PBXBuildFile; fileRef = 08C1CB311D8F00C6006CDCCB /* PhysicsBody.swift */; };
		08C1CB341D8F01CB006CDCCB /* PhysicsWorld.swift in Sources */ = {isa = PBXBuildFile; fileRef = 08C1CB331D8F01CA006CDCCB /* PhysicsWorld.swift */; };
		08C1CB361D8F03D2006CDCCB /* PhysicsTypes.swift in Sources */ = {isa = PBXBuildFile; fileRef = 08C1CB351D8F03D2006CDCCB /* PhysicsTypes.swift */; };
		08C1CB381D8F04A5006CDCCB /* PhysicsJoint.swift in Sources */ = {isa = PBXBuildFile; fileRef = 08C1CB371D8F04A5006CDCCB /* PhysicsJoint.swift */; };
		08C1CB3D1D8F0DFF006CDCCB /* PhysicsWorld+Internal.swift in Sources */ = {isa = PBXBuildFile; fileRef = 08C1CB3C1D8F0DFF006CDCCB /* PhysicsWorld+Internal.swift */; };
		08C1CB3F1D913C71006CDCCB /* PhysicsWorld+Joints.swift in Sources */ = {isa = PBXBuildFile; fileRef = 08C1CB3E1D913C71006CDCCB /* PhysicsWorld+Joints.swift */; };
		08C1CB411D914A07006CDCCB /* PhysicsWorld+Bodies.swift in Sources */ = {isa = PBXBuildFile; fileRef = 08C1CB401D914A07006CDCCB /* PhysicsWorld+Bodies.swift */; };
		08C1CB431D915950006CDCCB /* PhysicsShape.swift in Sources */ = {isa = PBXBuildFile; fileRef = 08C1CB421D915950006CDCCB /* PhysicsShape.swift */; };
		08C1CB471D915A1A006CDCCB /* PhysicsWorld+Shapes.swift in Sources */ = {isa = PBXBuildFile; fileRef = 08C1CB461D915A1A006CDCCB /* PhysicsWorld+Shapes.swift */; };
		08C1CB491D91769C006CDCCB /* PhysicsBody+Internal.swift in Sources */ = {isa = PBXBuildFile; fileRef = 08C1CB481D91769C006CDCCB /* PhysicsBody+Internal.swift */; };
		08C1CB4B1D917A6A006CDCCB /* PhysicsBody+Shapes.swift in Sources */ = {isa = PBXBuildFile; fileRef = 08C1CB4A1D917A6A006CDCCB /* PhysicsBody+Shapes.swift */; };
		08C1CB4D1D917B0A006CDCCB /* PhysicsBody+Simulation.swift in Sources */ = {isa = PBXBuildFile; fileRef = 08C1CB4C1D917B0A006CDCCB /* PhysicsBody+Simulation.swift */; };
		08C1CB4F1D919BCA006CDCCB /* PhysicsShape+Internal.swift in Sources */ = {isa = PBXBuildFile; fileRef = 08C1CB4E1D919BCA006CDCCB /* PhysicsShape+Internal.swift */; };
		08C1CB511D91B000006CDCCB /* PhysicsBody+Joints.swift in Sources */ = {isa = PBXBuildFile; fileRef = 08C1CB501D91B000006CDCCB /* PhysicsBody+Joints.swift */; };
		08DE0B9C1DB1054300721CA0 /* Scene+Systems.swift in Sources */ = {isa = PBXBuildFile; fileRef = 08DE0B9B1DB1054300721CA0 /* Scene+Systems.swift */; };
/* End PBXBuildFile section */

/* Begin PBXContainerItemProxy section */
		0812ACE61D52A6F900AE46E8 /* PBXContainerItemProxy */ = {
			isa = PBXContainerItemProxy;
			containerPortal = 0812ACE01D52A6F900AE46E8 /* libpng.xcodeproj */;
			proxyType = 2;
			remoteGlobalIDString = D331FB3F1ADB74040013FFBE;
			remoteInfo = "libpng (iOS)";
		};
		0812ACE81D52A6F900AE46E8 /* PBXContainerItemProxy */ = {
			isa = PBXContainerItemProxy;
			containerPortal = 0812ACE01D52A6F900AE46E8 /* libpng.xcodeproj */;
			proxyType = 2;
			remoteGlobalIDString = D331FC3A1ADB82B20013FFBE;
			remoteInfo = "libpng (Mac)";
		};
		0812ACEA1D52A6F900AE46E8 /* PBXContainerItemProxy */ = {
			isa = PBXContainerItemProxy;
			containerPortal = 0812ACE01D52A6F900AE46E8 /* libpng.xcodeproj */;
			proxyType = 2;
			remoteGlobalIDString = D331FC831ADB97FE0013FFBE;
			remoteInfo = "libpng (Android)";
		};
/* End PBXContainerItemProxy section */

/* Begin PBXFileReference section */
		054764DE1D829473003DC740 /* Config.xcconfig */ = {isa = PBXFileReference; lastKnownFileType = text.xcconfig; path = Config.xcconfig; sourceTree = "<group>"; };
		05BC34BC1D85B8A300306A4F /* Renderer.swift */ = {isa = PBXFileReference; fileEncoding = 4; lastKnownFileType = sourcecode.swift; path = Renderer.swift; sourceTree = "<group>"; };
		05BC34BD1D85B8A300306A4F /* Shader.swift */ = {isa = PBXFileReference; fileEncoding = 4; lastKnownFileType = sourcecode.swift; path = Shader.swift; sourceTree = "<group>"; };
		05BC34C11D85B8AB00306A4F /* BGFXRenderer.swift */ = {isa = PBXFileReference; fileEncoding = 4; lastKnownFileType = sourcecode.swift; path = BGFXRenderer.swift; sourceTree = "<group>"; };
		05BC358E1D8850B000306A4F /* GLKit.framework */ = {isa = PBXFileReference; lastKnownFileType = wrapper.framework; name = GLKit.framework; path = System/Library/Frameworks/GLKit.framework; sourceTree = SDKROOT; };
		05D231C01D9CD19000611AA3 /* BGFXView.swift */ = {isa = PBXFileReference; fileEncoding = 4; lastKnownFileType = sourcecode.swift; path = BGFXView.swift; sourceTree = "<group>"; };
		080306A91D932B3B008CAC8E /* PhysicsShapeCircle.swift */ = {isa = PBXFileReference; fileEncoding = 4; lastKnownFileType = sourcecode.swift; path = PhysicsShapeCircle.swift; sourceTree = "<group>"; };
		080306AB1D933B4D008CAC8E /* PhysicsContact.swift */ = {isa = PBXFileReference; fileEncoding = 4; lastKnownFileType = sourcecode.swift; path = PhysicsContact.swift; sourceTree = "<group>"; };
		080306AD1D941F4D008CAC8E /* PhysicsShapeBox.swift */ = {isa = PBXFileReference; fileEncoding = 4; lastKnownFileType = sourcecode.swift; path = PhysicsShapeBox.swift; sourceTree = "<group>"; };
		080306AF1D942000008CAC8E /* PhysicsShapePolygon.swift */ = {isa = PBXFileReference; fileEncoding = 4; lastKnownFileType = sourcecode.swift; path = PhysicsShapePolygon.swift; sourceTree = "<group>"; };
		080306F21D97F093008CAC8E /* BehaviourProtocol.swift */ = {isa = PBXFileReference; fileEncoding = 4; lastKnownFileType = sourcecode.swift; name = BehaviourProtocol.swift; path = protocols/BehaviourProtocol.swift; sourceTree = "<group>"; };
		080306F71D97F233008CAC8E /* Prioritized.swift */ = {isa = PBXFileReference; fileEncoding = 4; lastKnownFileType = sourcecode.swift; name = Prioritized.swift; path = protocols/Prioritized.swift; sourceTree = "<group>"; };
		080307181D994FED008CAC8E /* System.swift */ = {isa = PBXFileReference; fileEncoding = 4; lastKnownFileType = sourcecode.swift; path = System.swift; sourceTree = "<group>"; };
		0803071E1D9AFFDC008CAC8E /* Node+Hierarchy.swift */ = {isa = PBXFileReference; fileEncoding = 4; lastKnownFileType = sourcecode.swift; path = "Node+Hierarchy.swift"; sourceTree = "<group>"; };
		080307201D9B1337008CAC8E /* UserComponents.swift */ = {isa = PBXFileReference; fileEncoding = 4; lastKnownFileType = sourcecode.swift; path = UserComponents.swift; sourceTree = "<group>"; };
		080307221D9B1C44008CAC8E /* PhysicsSystem.swift */ = {isa = PBXFileReference; fileEncoding = 4; lastKnownFileType = sourcecode.swift; path = PhysicsSystem.swift; sourceTree = "<group>"; };
		080307261D9D4017008CAC8E /* Director+Internal.swift */ = {isa = PBXFileReference; fileEncoding = 4; lastKnownFileType = sourcecode.swift; path = "Director+Internal.swift"; sourceTree = "<group>"; };
		080B06821DC9380E0037E1F1 /* SpriteFrameCache.swift */ = {isa = PBXFileReference; fileEncoding = 4; lastKnownFileType = sourcecode.swift; path = SpriteFrameCache.swift; sourceTree = "<group>"; };
		080B068B1DC9EC8C0037E1F1 /* WeakBox.swift */ = {isa = PBXFileReference; fileEncoding = 4; lastKnownFileType = sourcecode.swift; name = WeakBox.swift; path = structs/WeakBox.swift; sourceTree = "<group>"; };
		080B068E1DC9F60B0037E1F1 /* Texture.swift */ = {isa = PBXFileReference; fileEncoding = 4; lastKnownFileType = sourcecode.swift; path = Texture.swift; sourceTree = "<group>"; };
		080B06901DC9FAC80037E1F1 /* Node+Projection.swift */ = {isa = PBXFileReference; fileEncoding = 4; lastKnownFileType = sourcecode.swift; path = "Node+Projection.swift"; sourceTree = "<group>"; };
		080B06921DC9FE3E0037E1F1 /* TextureCache.swift */ = {isa = PBXFileReference; fileEncoding = 4; lastKnownFileType = sourcecode.swift; path = TextureCache.swift; sourceTree = "<group>"; };
		0812ACE01D52A6F900AE46E8 /* libpng.xcodeproj */ = {isa = PBXFileReference; lastKnownFileType = "wrapper.pb-project"; name = libpng.xcodeproj; path = external/libpng/libpng.xcodeproj; sourceTree = SOURCE_ROOT; };
		0812AD021D538D7600AE46E8 /* Color.swift */ = {isa = PBXFileReference; fileEncoding = 4; lastKnownFileType = sourcecode.swift; path = Color.swift; sourceTree = "<group>"; };
		0817EE7C1DC381B40084DAD3 /* Texture+Image.swift */ = {isa = PBXFileReference; fileEncoding = 4; lastKnownFileType = sourcecode.swift; name = "Texture+Image.swift"; path = "../Texture+Image.swift"; sourceTree = "<group>"; };
		081FBC201D4625A6005838B8 /* Fiber2D.app */ = {isa = PBXFileReference; explicitFileType = wrapper.application; includeInIndex = 0; path = Fiber2D.app; sourceTree = BUILT_PRODUCTS_DIR; };
		081FBC251D4625A6005838B8 /* Assets.xcassets */ = {isa = PBXFileReference; lastKnownFileType = folder.assetcatalog; path = Assets.xcassets; sourceTree = "<group>"; };
		081FBC2A1D4625A6005838B8 /* Info.plist */ = {isa = PBXFileReference; lastKnownFileType = text.plist.xml; path = Info.plist; sourceTree = "<group>"; };
		081FBCBA1D462732005838B8 /* MetalView.swift */ = {isa = PBXFileReference; fileEncoding = 4; lastKnownFileType = sourcecode.swift; name = MetalView.swift; path = platform/MetalView.swift; sourceTree = "<group>"; };
		081FBCBC1D462732005838B8 /* ArrayExtensions.swift */ = {isa = PBXFileReference; fileEncoding = 4; lastKnownFileType = sourcecode.swift; name = ArrayExtensions.swift; path = utils/ArrayExtensions.swift; sourceTree = "<group>"; };
		081FBCF41D462765005838B8 /* BridgingHeader.h */ = {isa = PBXFileReference; fileEncoding = 4; lastKnownFileType = sourcecode.c.h; path = BridgingHeader.h; sourceTree = "<group>"; };
		081FBCF81D46289A005838B8 /* ColorNode.swift */ = {isa = PBXFileReference; fileEncoding = 4; lastKnownFileType = sourcecode.swift; path = ColorNode.swift; sourceTree = "<group>"; };
		081FBCF91D46289A005838B8 /* Director.swift */ = {isa = PBXFileReference; fileEncoding = 4; lastKnownFileType = sourcecode.swift; path = Director.swift; sourceTree = "<group>"; };
		081FBCFA1D46289A005838B8 /* Layout.swift */ = {isa = PBXFileReference; fileEncoding = 4; lastKnownFileType = sourcecode.swift; path = Layout.swift; sourceTree = "<group>"; };
		081FBCFB1D46289A005838B8 /* LayoutBox.swift */ = {isa = PBXFileReference; fileEncoding = 4; lastKnownFileType = sourcecode.swift; path = LayoutBox.swift; sourceTree = "<group>"; };
		081FBCFC1D46289A005838B8 /* Node.swift */ = {isa = PBXFileReference; fileEncoding = 4; lastKnownFileType = sourcecode.swift; path = Node.swift; sourceTree = "<group>"; };
		081FBCFD1D46289A005838B8 /* Node+Actions.swift */ = {isa = PBXFileReference; fileEncoding = 4; lastKnownFileType = sourcecode.swift; path = "Node+Actions.swift"; sourceTree = "<group>"; };
		081FBCFF1D46289A005838B8 /* Node+Convertation.swift */ = {isa = PBXFileReference; fileEncoding = 4; lastKnownFileType = sourcecode.swift; path = "Node+Convertation.swift"; sourceTree = "<group>"; };
		081FBD011D46289A005838B8 /* Node+Scene.swift */ = {isa = PBXFileReference; fileEncoding = 4; lastKnownFileType = sourcecode.swift; path = "Node+Scene.swift"; sourceTree = "<group>"; };
		081FBD021D46289A005838B8 /* Node+Transform.swift */ = {isa = PBXFileReference; fileEncoding = 4; lastKnownFileType = sourcecode.swift; path = "Node+Transform.swift"; sourceTree = "<group>"; };
		081FBD031D46289A005838B8 /* Node+Traverse.swift */ = {isa = PBXFileReference; fileEncoding = 4; lastKnownFileType = sourcecode.swift; path = "Node+Traverse.swift"; sourceTree = "<group>"; };
		081FBD041D46289A005838B8 /* RendarableNode.swift */ = {isa = PBXFileReference; fileEncoding = 4; lastKnownFileType = sourcecode.swift; path = RendarableNode.swift; sourceTree = "<group>"; };
		081FBD051D46289A005838B8 /* RenderTexture.swift */ = {isa = PBXFileReference; fileEncoding = 4; lastKnownFileType = sourcecode.swift; path = RenderTexture.swift; sourceTree = "<group>"; };
		081FBD061D46289A005838B8 /* RenderTextureSprite.swift */ = {isa = PBXFileReference; fileEncoding = 4; lastKnownFileType = sourcecode.swift; path = RenderTextureSprite.swift; sourceTree = "<group>"; };
		081FBD071D46289A005838B8 /* Responder.swift */ = {isa = PBXFileReference; fileEncoding = 4; lastKnownFileType = sourcecode.swift; path = Responder.swift; sourceTree = "<group>"; };
		081FBD081D46289A005838B8 /* ResponderManager.swift */ = {isa = PBXFileReference; fileEncoding = 4; lastKnownFileType = sourcecode.swift; path = ResponderManager.swift; sourceTree = "<group>"; };
		081FBD091D46289A005838B8 /* Scene.swift */ = {isa = PBXFileReference; fileEncoding = 4; lastKnownFileType = sourcecode.swift; path = Scene.swift; sourceTree = "<group>"; };
		081FBD0A1D46289A005838B8 /* Sprite.swift */ = {isa = PBXFileReference; fileEncoding = 4; lastKnownFileType = sourcecode.swift; path = Sprite.swift; sourceTree = "<group>"; };
		081FBD0B1D46289A005838B8 /* Sprite9Slice.swift */ = {isa = PBXFileReference; fileEncoding = 4; lastKnownFileType = sourcecode.swift; path = Sprite9Slice.swift; sourceTree = "<group>"; };
		081FBD0C1D46289A005838B8 /* SpriteFrame.swift */ = {isa = PBXFileReference; fileEncoding = 4; lastKnownFileType = sourcecode.swift; path = SpriteFrame.swift; sourceTree = "<group>"; };
		081FBD0D1D46289A005838B8 /* Transition.swift */ = {isa = PBXFileReference; fileEncoding = 4; lastKnownFileType = sourcecode.swift; path = Transition.swift; sourceTree = "<group>"; };
		081FBD251D4628F8005838B8 /* MainScene.swift */ = {isa = PBXFileReference; fileEncoding = 4; lastKnownFileType = sourcecode.swift; path = MainScene.swift; sourceTree = "<group>"; };
		081FBD2C1D463207005838B8 /* Resources */ = {isa = PBXFileReference; lastKnownFileType = folder; path = Resources; sourceTree = "<group>"; };
		082E904D1DBE92DF00AD32AA /* Image.swift */ = {isa = PBXFileReference; fileEncoding = 4; lastKnownFileType = sourcecode.swift; path = Image.swift; sourceTree = "<group>"; };
		082E904F1DBE9B8700AD32AA /* Image+PNG.swift */ = {isa = PBXFileReference; fileEncoding = 4; lastKnownFileType = sourcecode.swift; path = "Image+PNG.swift"; sourceTree = "<group>"; };
		0833CA541DCB47AE0090D4CC /* FileLocator.swift */ = {isa = PBXFileReference; fileEncoding = 4; lastKnownFileType = sourcecode.swift; path = FileLocator.swift; sourceTree = "<group>"; };
		0847405D1D8362FA0053DD2E /* Node+Component.swift */ = {isa = PBXFileReference; fileEncoding = 4; lastKnownFileType = sourcecode.swift; path = "Node+Component.swift"; sourceTree = "<group>"; };
		084AB53D1DCA33040013AD51 /* Setup.swift */ = {isa = PBXFileReference; fileEncoding = 4; lastKnownFileType = sourcecode.swift; path = Setup.swift; sourceTree = "<group>"; };
		0854AB361D7C91A90037AB56 /* ActionSpeed.swift */ = {isa = PBXFileReference; fileEncoding = 4; lastKnownFileType = sourcecode.swift; path = ActionSpeed.swift; sourceTree = "<group>"; };
		0854AB381D7C95BF0037AB56 /* ActionConcurrent.swift */ = {isa = PBXFileReference; fileEncoding = 4; lastKnownFileType = sourcecode.swift; path = ActionConcurrent.swift; sourceTree = "<group>"; };
		085567851DC53858009B5B60 /* BlendMode.swift */ = {isa = PBXFileReference; fileEncoding = 4; lastKnownFileType = sourcecode.swift; name = BlendMode.swift; path = ../../BlendMode.swift; sourceTree = "<group>"; };
		085996B31DCDFDC0003A7B6A /* BGFXRenderer+RenderTexture.swift */ = {isa = PBXFileReference; fileEncoding = 4; lastKnownFileType = sourcecode.swift; path = "BGFXRenderer+RenderTexture.swift"; sourceTree = "<group>"; };
		086652711D7333B500BCD9CE /* Scheduling.swift */ = {isa = PBXFileReference; fileEncoding = 4; lastKnownFileType = sourcecode.swift; path = Scheduling.swift; sourceTree = "<group>"; };
		0866527C1D73359800BCD9CE /* Scheduler.swift */ = {isa = PBXFileReference; fileEncoding = 4; lastKnownFileType = sourcecode.swift; path = Scheduler.swift; sourceTree = "<group>"; };
		0866527E1D7335D800BCD9CE /* Timer.swift */ = {isa = PBXFileReference; fileEncoding = 4; lastKnownFileType = sourcecode.swift; path = Timer.swift; sourceTree = "<group>"; };
		086652801D73412600BCD9CE /* Action.swift */ = {isa = PBXFileReference; fileEncoding = 4; lastKnownFileType = sourcecode.swift; path = Action.swift; sourceTree = "<group>"; };
		087BFA071D82D16100F940D4 /* Behaviour.swift */ = {isa = PBXFileReference; fileEncoding = 4; lastKnownFileType = sourcecode.swift; path = Behaviour.swift; sourceTree = "<group>"; };
		087BFA0D1D82D1BE00F940D4 /* Component.swift */ = {isa = PBXFileReference; fileEncoding = 4; lastKnownFileType = sourcecode.swift; path = Component.swift; sourceTree = "<group>"; };
		087BFA0F1D82EB2600F940D4 /* main.swift */ = {isa = PBXFileReference; fileEncoding = 4; lastKnownFileType = sourcecode.swift; name = main.swift; path = platform/macos/main.swift; sourceTree = "<group>"; };
		087BFA111D82EC7700F940D4 /* AppDelegate.swift */ = {isa = PBXFileReference; fileEncoding = 4; lastKnownFileType = sourcecode.swift; name = AppDelegate.swift; path = platform/macos/AppDelegate.swift; sourceTree = "<group>"; };
		087BFA121D82EC7700F940D4 /* NSEvent+Fiber2d.swift */ = {isa = PBXFileReference; fileEncoding = 4; lastKnownFileType = sourcecode.swift; name = "NSEvent+Fiber2d.swift"; path = "platform/macos/NSEvent+Fiber2d.swift"; sourceTree = "<group>"; };
		087BFA151D82F5C200F940D4 /* DirectorView.swift */ = {isa = PBXFileReference; fileEncoding = 4; lastKnownFileType = sourcecode.swift; path = DirectorView.swift; sourceTree = "<group>"; };
		087BFA171D82F60500F940D4 /* Director+macOS.swift */ = {isa = PBXFileReference; fileEncoding = 4; lastKnownFileType = sourcecode.swift; path = "Director+macOS.swift"; sourceTree = "<group>"; };
		088509891D7B4F2F003EF800 /* Tagged.swift */ = {isa = PBXFileReference; fileEncoding = 4; lastKnownFileType = sourcecode.swift; name = Tagged.swift; path = protocols/Tagged.swift; sourceTree = "<group>"; };
		0885098C1D7B5428003EF800 /* ActionTransform.swift */ = {isa = PBXFileReference; fileEncoding = 4; lastKnownFileType = sourcecode.swift; path = ActionTransform.swift; sourceTree = "<group>"; };
		0885098E1D7B548B003EF800 /* ActionContinous.swift */ = {isa = PBXFileReference; fileEncoding = 4; lastKnownFileType = sourcecode.swift; path = ActionContinous.swift; sourceTree = "<group>"; };
		088509901D7B55AF003EF800 /* ActionInstant.swift */ = {isa = PBXFileReference; fileEncoding = 4; lastKnownFileType = sourcecode.swift; path = ActionInstant.swift; sourceTree = "<group>"; };
		088509921D7B7AD8003EF800 /* ActionRepeat.swift */ = {isa = PBXFileReference; fileEncoding = 4; lastKnownFileType = sourcecode.swift; path = ActionRepeat.swift; sourceTree = "<group>"; };
		088509941D7B876D003EF800 /* ActionEase.swift */ = {isa = PBXFileReference; fileEncoding = 4; lastKnownFileType = sourcecode.swift; path = ActionEase.swift; sourceTree = "<group>"; };
		088509981D7C6A5E003EF800 /* ActionSequence.swift */ = {isa = PBXFileReference; fileEncoding = 4; lastKnownFileType = sourcecode.swift; path = ActionSequence.swift; sourceTree = "<group>"; };
		088509A41D7DADFB003EF800 /* ActionInstant+Node.swift */ = {isa = PBXFileReference; fileEncoding = 4; lastKnownFileType = sourcecode.swift; path = "ActionInstant+Node.swift"; sourceTree = "<group>"; };
		08855BE31D9DA6540090EA84 /* UnitTypes.swift */ = {isa = PBXFileReference; fileEncoding = 4; lastKnownFileType = sourcecode.swift; path = UnitTypes.swift; sourceTree = "<group>"; };
		08A73C091DCB2A7E00BF5AE8 /* File.swift */ = {isa = PBXFileReference; fileEncoding = 4; lastKnownFileType = sourcecode.swift; path = File.swift; sourceTree = "<group>"; };
		08A8D54C1D53DA9600262C0B /* Extensions-Temp.swift */ = {isa = PBXFileReference; fileEncoding = 4; lastKnownFileType = sourcecode.swift; path = "Extensions-Temp.swift"; sourceTree = "<group>"; };
		08AA0EE61DBFC5F800748555 /* libSwiftBGFX.dylib */ = {isa = PBXFileReference; lastKnownFileType = "compiled.mach-o.dylib"; name = libSwiftBGFX.dylib; path = external/SwiftBGFX/SwiftBGFX/.build/debug/libSwiftBGFX.dylib; sourceTree = "<group>"; };
		08B3B51B1DB2B98200D564CB /* ViewportScene.swift */ = {isa = PBXFileReference; fileEncoding = 4; lastKnownFileType = sourcecode.swift; path = ViewportScene.swift; sourceTree = "<group>"; };
		08B3B51D1DB5378100D564CB /* UITouch+Node.swift */ = {isa = PBXFileReference; fileEncoding = 4; lastKnownFileType = sourcecode.swift; name = "UITouch+Node.swift"; path = "platform/ios/UITouch+Node.swift"; sourceTree = "<group>"; };
		08BB5C811D7EE09E004A5561 /* ActionRewind.swift */ = {isa = PBXFileReference; fileEncoding = 4; lastKnownFileType = sourcecode.swift; path = ActionRewind.swift; sourceTree = "<group>"; };
		08C1CACF1D8EFFD5006CDCCB /* chipmunk.h */ = {isa = PBXFileReference; fileEncoding = 4; lastKnownFileType = sourcecode.c.h; path = chipmunk.h; sourceTree = "<group>"; };
		08C1CAD01D8EFFD5006CDCCB /* chipmunk_ffi.h */ = {isa = PBXFileReference; fileEncoding = 4; lastKnownFileType = sourcecode.c.h; path = chipmunk_ffi.h; sourceTree = "<group>"; };
		08C1CAD11D8EFFD5006CDCCB /* chipmunk_private.h */ = {isa = PBXFileReference; fileEncoding = 4; lastKnownFileType = sourcecode.c.h; path = chipmunk_private.h; sourceTree = "<group>"; };
		08C1CAD21D8EFFD5006CDCCB /* chipmunk_structs.h */ = {isa = PBXFileReference; fileEncoding = 4; lastKnownFileType = sourcecode.c.h; path = chipmunk_structs.h; sourceTree = "<group>"; };
		08C1CAD31D8EFFD5006CDCCB /* chipmunk_types.h */ = {isa = PBXFileReference; fileEncoding = 4; lastKnownFileType = sourcecode.c.h; path = chipmunk_types.h; sourceTree = "<group>"; };
		08C1CAD41D8EFFD5006CDCCB /* chipmunk_unsafe.h */ = {isa = PBXFileReference; fileEncoding = 4; lastKnownFileType = sourcecode.c.h; path = chipmunk_unsafe.h; sourceTree = "<group>"; };
		08C1CAD51D8EFFD5006CDCCB /* cpArbiter.h */ = {isa = PBXFileReference; fileEncoding = 4; lastKnownFileType = sourcecode.c.h; path = cpArbiter.h; sourceTree = "<group>"; };
		08C1CAD61D8EFFD5006CDCCB /* cpBB.h */ = {isa = PBXFileReference; fileEncoding = 4; lastKnownFileType = sourcecode.c.h; path = cpBB.h; sourceTree = "<group>"; };
		08C1CAD71D8EFFD5006CDCCB /* cpBody.h */ = {isa = PBXFileReference; fileEncoding = 4; lastKnownFileType = sourcecode.c.h; path = cpBody.h; sourceTree = "<group>"; };
		08C1CAD81D8EFFD5006CDCCB /* cpConstraint.h */ = {isa = PBXFileReference; fileEncoding = 4; lastKnownFileType = sourcecode.c.h; path = cpConstraint.h; sourceTree = "<group>"; };
		08C1CAD91D8EFFD5006CDCCB /* cpDampedRotarySpring.h */ = {isa = PBXFileReference; fileEncoding = 4; lastKnownFileType = sourcecode.c.h; path = cpDampedRotarySpring.h; sourceTree = "<group>"; };
		08C1CADA1D8EFFD5006CDCCB /* cpDampedSpring.h */ = {isa = PBXFileReference; fileEncoding = 4; lastKnownFileType = sourcecode.c.h; path = cpDampedSpring.h; sourceTree = "<group>"; };
		08C1CADB1D8EFFD5006CDCCB /* cpGearJoint.h */ = {isa = PBXFileReference; fileEncoding = 4; lastKnownFileType = sourcecode.c.h; path = cpGearJoint.h; sourceTree = "<group>"; };
		08C1CADC1D8EFFD5006CDCCB /* cpGrooveJoint.h */ = {isa = PBXFileReference; fileEncoding = 4; lastKnownFileType = sourcecode.c.h; path = cpGrooveJoint.h; sourceTree = "<group>"; };
		08C1CADD1D8EFFD5006CDCCB /* cpHastySpace.h */ = {isa = PBXFileReference; fileEncoding = 4; lastKnownFileType = sourcecode.c.h; path = cpHastySpace.h; sourceTree = "<group>"; };
		08C1CADE1D8EFFD5006CDCCB /* cpMarch.h */ = {isa = PBXFileReference; fileEncoding = 4; lastKnownFileType = sourcecode.c.h; path = cpMarch.h; sourceTree = "<group>"; };
		08C1CADF1D8EFFD5006CDCCB /* cpPinJoint.h */ = {isa = PBXFileReference; fileEncoding = 4; lastKnownFileType = sourcecode.c.h; path = cpPinJoint.h; sourceTree = "<group>"; };
		08C1CAE01D8EFFD5006CDCCB /* cpPivotJoint.h */ = {isa = PBXFileReference; fileEncoding = 4; lastKnownFileType = sourcecode.c.h; path = cpPivotJoint.h; sourceTree = "<group>"; };
		08C1CAE11D8EFFD5006CDCCB /* cpPolyline.h */ = {isa = PBXFileReference; fileEncoding = 4; lastKnownFileType = sourcecode.c.h; path = cpPolyline.h; sourceTree = "<group>"; };
		08C1CAE21D8EFFD5006CDCCB /* cpPolyShape.h */ = {isa = PBXFileReference; fileEncoding = 4; lastKnownFileType = sourcecode.c.h; path = cpPolyShape.h; sourceTree = "<group>"; };
		08C1CAE31D8EFFD5006CDCCB /* cpRatchetJoint.h */ = {isa = PBXFileReference; fileEncoding = 4; lastKnownFileType = sourcecode.c.h; path = cpRatchetJoint.h; sourceTree = "<group>"; };
		08C1CAE41D8EFFD5006CDCCB /* cpRobust.h */ = {isa = PBXFileReference; fileEncoding = 4; lastKnownFileType = sourcecode.c.h; path = cpRobust.h; sourceTree = "<group>"; };
		08C1CAE51D8EFFD5006CDCCB /* cpRotaryLimitJoint.h */ = {isa = PBXFileReference; fileEncoding = 4; lastKnownFileType = sourcecode.c.h; path = cpRotaryLimitJoint.h; sourceTree = "<group>"; };
		08C1CAE61D8EFFD5006CDCCB /* cpShape.h */ = {isa = PBXFileReference; fileEncoding = 4; lastKnownFileType = sourcecode.c.h; path = cpShape.h; sourceTree = "<group>"; };
		08C1CAE71D8EFFD5006CDCCB /* cpSimpleMotor.h */ = {isa = PBXFileReference; fileEncoding = 4; lastKnownFileType = sourcecode.c.h; path = cpSimpleMotor.h; sourceTree = "<group>"; };
		08C1CAE81D8EFFD5006CDCCB /* cpSlideJoint.h */ = {isa = PBXFileReference; fileEncoding = 4; lastKnownFileType = sourcecode.c.h; path = cpSlideJoint.h; sourceTree = "<group>"; };
		08C1CAE91D8EFFD5006CDCCB /* cpSpace.h */ = {isa = PBXFileReference; fileEncoding = 4; lastKnownFileType = sourcecode.c.h; path = cpSpace.h; sourceTree = "<group>"; };
		08C1CAEA1D8EFFD5006CDCCB /* cpSpatialIndex.h */ = {isa = PBXFileReference; fileEncoding = 4; lastKnownFileType = sourcecode.c.h; path = cpSpatialIndex.h; sourceTree = "<group>"; };
		08C1CAEB1D8EFFD5006CDCCB /* cpTransform.h */ = {isa = PBXFileReference; fileEncoding = 4; lastKnownFileType = sourcecode.c.h; path = cpTransform.h; sourceTree = "<group>"; };
		08C1CAEC1D8EFFD5006CDCCB /* cpVect.h */ = {isa = PBXFileReference; fileEncoding = 4; lastKnownFileType = sourcecode.c.h; path = cpVect.h; sourceTree = "<group>"; };
		08C1CAEE1D8EFFD5006CDCCB /* chipmunk.c */ = {isa = PBXFileReference; fileEncoding = 4; lastKnownFileType = sourcecode.c.c; path = chipmunk.c; sourceTree = "<group>"; };
		08C1CAEF1D8EFFD5006CDCCB /* CMakeLists.txt */ = {isa = PBXFileReference; fileEncoding = 4; lastKnownFileType = text; path = CMakeLists.txt; sourceTree = "<group>"; };
		08C1CAF01D8EFFD5006CDCCB /* cpArbiter.c */ = {isa = PBXFileReference; fileEncoding = 4; lastKnownFileType = sourcecode.c.c; path = cpArbiter.c; sourceTree = "<group>"; };
		08C1CAF11D8EFFD5006CDCCB /* cpArray.c */ = {isa = PBXFileReference; fileEncoding = 4; lastKnownFileType = sourcecode.c.c; path = cpArray.c; sourceTree = "<group>"; };
		08C1CAF21D8EFFD5006CDCCB /* cpBBTree.c */ = {isa = PBXFileReference; fileEncoding = 4; lastKnownFileType = sourcecode.c.c; path = cpBBTree.c; sourceTree = "<group>"; };
		08C1CAF31D8EFFD5006CDCCB /* cpBody.c */ = {isa = PBXFileReference; fileEncoding = 4; lastKnownFileType = sourcecode.c.c; path = cpBody.c; sourceTree = "<group>"; };
		08C1CAF41D8EFFD5006CDCCB /* cpCollision.c */ = {isa = PBXFileReference; fileEncoding = 4; lastKnownFileType = sourcecode.c.c; path = cpCollision.c; sourceTree = "<group>"; };
		08C1CAF51D8EFFD5006CDCCB /* cpConstraint.c */ = {isa = PBXFileReference; fileEncoding = 4; lastKnownFileType = sourcecode.c.c; path = cpConstraint.c; sourceTree = "<group>"; };
		08C1CAF61D8EFFD5006CDCCB /* cpDampedRotarySpring.c */ = {isa = PBXFileReference; fileEncoding = 4; lastKnownFileType = sourcecode.c.c; path = cpDampedRotarySpring.c; sourceTree = "<group>"; };
		08C1CAF71D8EFFD5006CDCCB /* cpDampedSpring.c */ = {isa = PBXFileReference; fileEncoding = 4; lastKnownFileType = sourcecode.c.c; path = cpDampedSpring.c; sourceTree = "<group>"; };
		08C1CAF81D8EFFD5006CDCCB /* cpGearJoint.c */ = {isa = PBXFileReference; fileEncoding = 4; lastKnownFileType = sourcecode.c.c; path = cpGearJoint.c; sourceTree = "<group>"; };
		08C1CAF91D8EFFD5006CDCCB /* cpGrooveJoint.c */ = {isa = PBXFileReference; fileEncoding = 4; lastKnownFileType = sourcecode.c.c; path = cpGrooveJoint.c; sourceTree = "<group>"; };
		08C1CAFA1D8EFFD5006CDCCB /* cpHashSet.c */ = {isa = PBXFileReference; fileEncoding = 4; lastKnownFileType = sourcecode.c.c; path = cpHashSet.c; sourceTree = "<group>"; };
		08C1CAFB1D8EFFD5006CDCCB /* cpHastySpace.c */ = {isa = PBXFileReference; fileEncoding = 4; lastKnownFileType = sourcecode.c.c; path = cpHastySpace.c; sourceTree = "<group>"; };
		08C1CAFC1D8EFFD5006CDCCB /* cpMarch.c */ = {isa = PBXFileReference; fileEncoding = 4; lastKnownFileType = sourcecode.c.c; path = cpMarch.c; sourceTree = "<group>"; };
		08C1CAFD1D8EFFD5006CDCCB /* cpPinJoint.c */ = {isa = PBXFileReference; fileEncoding = 4; lastKnownFileType = sourcecode.c.c; path = cpPinJoint.c; sourceTree = "<group>"; };
		08C1CAFE1D8EFFD5006CDCCB /* cpPivotJoint.c */ = {isa = PBXFileReference; fileEncoding = 4; lastKnownFileType = sourcecode.c.c; path = cpPivotJoint.c; sourceTree = "<group>"; };
		08C1CAFF1D8EFFD5006CDCCB /* cpPolyline.c */ = {isa = PBXFileReference; fileEncoding = 4; lastKnownFileType = sourcecode.c.c; path = cpPolyline.c; sourceTree = "<group>"; };
		08C1CB001D8EFFD5006CDCCB /* cpPolyShape.c */ = {isa = PBXFileReference; fileEncoding = 4; lastKnownFileType = sourcecode.c.c; path = cpPolyShape.c; sourceTree = "<group>"; };
		08C1CB011D8EFFD5006CDCCB /* cpRatchetJoint.c */ = {isa = PBXFileReference; fileEncoding = 4; lastKnownFileType = sourcecode.c.c; path = cpRatchetJoint.c; sourceTree = "<group>"; };
		08C1CB021D8EFFD5006CDCCB /* cpRobust.c */ = {isa = PBXFileReference; fileEncoding = 4; lastKnownFileType = sourcecode.c.c; path = cpRobust.c; sourceTree = "<group>"; };
		08C1CB031D8EFFD5006CDCCB /* cpRotaryLimitJoint.c */ = {isa = PBXFileReference; fileEncoding = 4; lastKnownFileType = sourcecode.c.c; path = cpRotaryLimitJoint.c; sourceTree = "<group>"; };
		08C1CB041D8EFFD5006CDCCB /* cpShape.c */ = {isa = PBXFileReference; fileEncoding = 4; lastKnownFileType = sourcecode.c.c; path = cpShape.c; sourceTree = "<group>"; };
		08C1CB051D8EFFD5006CDCCB /* cpSimpleMotor.c */ = {isa = PBXFileReference; fileEncoding = 4; lastKnownFileType = sourcecode.c.c; path = cpSimpleMotor.c; sourceTree = "<group>"; };
		08C1CB061D8EFFD5006CDCCB /* cpSlideJoint.c */ = {isa = PBXFileReference; fileEncoding = 4; lastKnownFileType = sourcecode.c.c; path = cpSlideJoint.c; sourceTree = "<group>"; };
		08C1CB071D8EFFD5006CDCCB /* cpSpace.c */ = {isa = PBXFileReference; fileEncoding = 4; lastKnownFileType = sourcecode.c.c; path = cpSpace.c; sourceTree = "<group>"; };
		08C1CB081D8EFFD5006CDCCB /* cpSpaceComponent.c */ = {isa = PBXFileReference; fileEncoding = 4; lastKnownFileType = sourcecode.c.c; path = cpSpaceComponent.c; sourceTree = "<group>"; };
		08C1CB091D8EFFD5006CDCCB /* cpSpaceDebug.c */ = {isa = PBXFileReference; fileEncoding = 4; lastKnownFileType = sourcecode.c.c; path = cpSpaceDebug.c; sourceTree = "<group>"; };
		08C1CB0A1D8EFFD5006CDCCB /* cpSpaceHash.c */ = {isa = PBXFileReference; fileEncoding = 4; lastKnownFileType = sourcecode.c.c; path = cpSpaceHash.c; sourceTree = "<group>"; };
		08C1CB0B1D8EFFD5006CDCCB /* cpSpaceQuery.c */ = {isa = PBXFileReference; fileEncoding = 4; lastKnownFileType = sourcecode.c.c; path = cpSpaceQuery.c; sourceTree = "<group>"; };
		08C1CB0C1D8EFFD5006CDCCB /* cpSpaceStep.c */ = {isa = PBXFileReference; fileEncoding = 4; lastKnownFileType = sourcecode.c.c; path = cpSpaceStep.c; sourceTree = "<group>"; };
		08C1CB0D1D8EFFD5006CDCCB /* cpSpatialIndex.c */ = {isa = PBXFileReference; fileEncoding = 4; lastKnownFileType = sourcecode.c.c; path = cpSpatialIndex.c; sourceTree = "<group>"; };
		08C1CB0E1D8EFFD5006CDCCB /* cpSweep1D.c */ = {isa = PBXFileReference; fileEncoding = 4; lastKnownFileType = sourcecode.c.c; path = cpSweep1D.c; sourceTree = "<group>"; };
		08C1CB0F1D8EFFD5006CDCCB /* prime.h */ = {isa = PBXFileReference; fileEncoding = 4; lastKnownFileType = sourcecode.c.h; path = prime.h; sourceTree = "<group>"; };
		08C1CB311D8F00C6006CDCCB /* PhysicsBody.swift */ = {isa = PBXFileReference; fileEncoding = 4; lastKnownFileType = sourcecode.swift; path = PhysicsBody.swift; sourceTree = "<group>"; };
		08C1CB331D8F01CA006CDCCB /* PhysicsWorld.swift */ = {isa = PBXFileReference; fileEncoding = 4; lastKnownFileType = sourcecode.swift; path = PhysicsWorld.swift; sourceTree = "<group>"; };
		08C1CB351D8F03D2006CDCCB /* PhysicsTypes.swift */ = {isa = PBXFileReference; fileEncoding = 4; lastKnownFileType = sourcecode.swift; path = PhysicsTypes.swift; sourceTree = "<group>"; };
		08C1CB371D8F04A5006CDCCB /* PhysicsJoint.swift */ = {isa = PBXFileReference; fileEncoding = 4; lastKnownFileType = sourcecode.swift; path = PhysicsJoint.swift; sourceTree = "<group>"; };
		08C1CB3C1D8F0DFF006CDCCB /* PhysicsWorld+Internal.swift */ = {isa = PBXFileReference; fileEncoding = 4; lastKnownFileType = sourcecode.swift; path = "PhysicsWorld+Internal.swift"; sourceTree = "<group>"; };
		08C1CB3E1D913C71006CDCCB /* PhysicsWorld+Joints.swift */ = {isa = PBXFileReference; fileEncoding = 4; lastKnownFileType = sourcecode.swift; path = "PhysicsWorld+Joints.swift"; sourceTree = "<group>"; };
		08C1CB401D914A07006CDCCB /* PhysicsWorld+Bodies.swift */ = {isa = PBXFileReference; fileEncoding = 4; lastKnownFileType = sourcecode.swift; path = "PhysicsWorld+Bodies.swift"; sourceTree = "<group>"; };
		08C1CB421D915950006CDCCB /* PhysicsShape.swift */ = {isa = PBXFileReference; fileEncoding = 4; lastKnownFileType = sourcecode.swift; path = PhysicsShape.swift; sourceTree = "<group>"; };
		08C1CB461D915A1A006CDCCB /* PhysicsWorld+Shapes.swift */ = {isa = PBXFileReference; fileEncoding = 4; lastKnownFileType = sourcecode.swift; path = "PhysicsWorld+Shapes.swift"; sourceTree = "<group>"; };
		08C1CB481D91769C006CDCCB /* PhysicsBody+Internal.swift */ = {isa = PBXFileReference; fileEncoding = 4; lastKnownFileType = sourcecode.swift; path = "PhysicsBody+Internal.swift"; sourceTree = "<group>"; };
		08C1CB4A1D917A6A006CDCCB /* PhysicsBody+Shapes.swift */ = {isa = PBXFileReference; fileEncoding = 4; lastKnownFileType = sourcecode.swift; path = "PhysicsBody+Shapes.swift"; sourceTree = "<group>"; };
		08C1CB4C1D917B0A006CDCCB /* PhysicsBody+Simulation.swift */ = {isa = PBXFileReference; fileEncoding = 4; lastKnownFileType = sourcecode.swift; path = "PhysicsBody+Simulation.swift"; sourceTree = "<group>"; };
		08C1CB4E1D919BCA006CDCCB /* PhysicsShape+Internal.swift */ = {isa = PBXFileReference; fileEncoding = 4; lastKnownFileType = sourcecode.swift; path = "PhysicsShape+Internal.swift"; sourceTree = "<group>"; };
		08C1CB501D91B000006CDCCB /* PhysicsBody+Joints.swift */ = {isa = PBXFileReference; fileEncoding = 4; lastKnownFileType = sourcecode.swift; path = "PhysicsBody+Joints.swift"; sourceTree = "<group>"; };
		08DE0B991DB02BE400721CA0 /* ViewportNode.swift */ = {isa = PBXFileReference; fileEncoding = 4; lastKnownFileType = sourcecode.swift; path = ViewportNode.swift; sourceTree = "<group>"; };
		08DE0B9B1DB1054300721CA0 /* Scene+Systems.swift */ = {isa = PBXFileReference; fileEncoding = 4; lastKnownFileType = sourcecode.swift; path = "Scene+Systems.swift"; sourceTree = "<group>"; };
		08FAB6DE1DAACA0200B3C10C /* Camera.swift */ = {isa = PBXFileReference; fileEncoding = 4; lastKnownFileType = sourcecode.swift; path = Camera.swift; sourceTree = "<group>"; };
/* End PBXFileReference section */

/* Begin PBXFrameworksBuildPhase section */
		081FBC1D1D4625A6005838B8 /* Frameworks */ = {
			isa = PBXFrameworksBuildPhase;
			buildActionMask = 2147483647;
			files = (
				08AA0EE71DBFC5F800748555 /* libSwiftBGFX.dylib in Frameworks */,
				05BC358F1D8850B000306A4F /* GLKit.framework in Frameworks */,
				0812ACEC1D52A70700AE46E8 /* libpng.a in Frameworks */,
			);
			runOnlyForDeploymentPostprocessing = 0;
		};
/* End PBXFrameworksBuildPhase section */

/* Begin PBXGroup section */
		054764D71D82944D003DC740 /* Frameworks */ = {
			isa = PBXGroup;
			children = (
				08AA0EE61DBFC5F800748555 /* libSwiftBGFX.dylib */,
				05BC358E1D8850B000306A4F /* GLKit.framework */,
			);
			name = Frameworks;
			sourceTree = "<group>";
		};
		054764DD1D829466003DC740 /* Config */ = {
			isa = PBXGroup;
			children = (
				054764DE1D829473003DC740 /* Config.xcconfig */,
			);
			name = Config;
			sourceTree = "<group>";
		};
		054764DF1D8294F6003DC740 /* Renderer */ = {
			isa = PBXGroup;
			children = (
				05BC34B81D85B75600306A4F /* bgfx */,
				05BC34BC1D85B8A300306A4F /* Renderer.swift */,
				080B068E1DC9F60B0037E1F1 /* Texture.swift */,
				0817EE7C1DC381B40084DAD3 /* Texture+Image.swift */,
				080B06921DC9FE3E0037E1F1 /* TextureCache.swift */,
				05BC34BD1D85B8A300306A4F /* Shader.swift */,
			);
			path = Renderer;
			sourceTree = "<group>";
		};
		05BC34B81D85B75600306A4F /* bgfx */ = {
			isa = PBXGroup;
			children = (
				05BC34C11D85B8AB00306A4F /* BGFXRenderer.swift */,
				085996B31DCDFDC0003A7B6A /* BGFXRenderer+RenderTexture.swift */,
				05D231C01D9CD19000611AA3 /* BGFXView.swift */,
				085567851DC53858009B5B60 /* BlendMode.swift */,
			);
			path = bgfx;
			sourceTree = "<group>";
		};
		080306A41D932B1B008CAC8E /* PhysicsBody */ = {
			isa = PBXGroup;
			children = (
				08C1CB311D8F00C6006CDCCB /* PhysicsBody.swift */,
				08C1CB4A1D917A6A006CDCCB /* PhysicsBody+Shapes.swift */,
				08C1CB501D91B000006CDCCB /* PhysicsBody+Joints.swift */,
				08C1CB4C1D917B0A006CDCCB /* PhysicsBody+Simulation.swift */,
				08C1CB481D91769C006CDCCB /* PhysicsBody+Internal.swift */,
			);
			name = PhysicsBody;
			sourceTree = "<group>";
		};
		080306A81D932B25008CAC8E /* PhysicsShape */ = {
			isa = PBXGroup;
			children = (
				08C1CB421D915950006CDCCB /* PhysicsShape.swift */,
				080306A91D932B3B008CAC8E /* PhysicsShapeCircle.swift */,
				080306AF1D942000008CAC8E /* PhysicsShapePolygon.swift */,
				080306AD1D941F4D008CAC8E /* PhysicsShapeBox.swift */,
				08C1CB4E1D919BCA006CDCCB /* PhysicsShape+Internal.swift */,
			);
			name = PhysicsShape;
			sourceTree = "<group>";
		};
		080B068D1DC9EC900037E1F1 /* structs */ = {
			isa = PBXGroup;
			children = (
				080B068B1DC9EC8C0037E1F1 /* WeakBox.swift */,
			);
			name = structs;
			sourceTree = "<group>";
		};
		0812ACE11D52A6F900AE46E8 /* Products */ = {
			isa = PBXGroup;
			children = (
				0812ACE71D52A6F900AE46E8 /* libpng.a */,
				0812ACE91D52A6F900AE46E8 /* libpng.a */,
				0812ACEB1D52A6F900AE46E8 /* libpng.a */,
			);
			name = Products;
			sourceTree = "<group>";
		};
		081FBC171D4625A6005838B8 = {
			isa = PBXGroup;
			children = (
				054764DD1D829466003DC740 /* Config */,
				081FBC221D4625A6005838B8 /* Fiber2D */,
				081FBC211D4625A6005838B8 /* Products */,
				054764D71D82944D003DC740 /* Frameworks */,
			);
			sourceTree = "<group>";
		};
		081FBC211D4625A6005838B8 /* Products */ = {
			isa = PBXGroup;
			children = (
				081FBC201D4625A6005838B8 /* Fiber2D.app */,
			);
			name = Products;
			sourceTree = "<group>";
		};
		081FBC221D4625A6005838B8 /* Fiber2D */ = {
			isa = PBXGroup;
			children = (
				081FBCF71D462871005838B8 /* Engine */,
				081FBD241D4628A2005838B8 /* Custom */,
				081FBCF61D46277D005838B8 /* System */,
				054764DF1D8294F6003DC740 /* Renderer */,
				08A8D54B1D53DA8600262C0B /* Support */,
				081FBCF51D462774005838B8 /* Support Files */,
			);
			path = Fiber2D;
			sourceTree = "<group>";
		};
		081FBCF51D462774005838B8 /* Support Files */ = {
			isa = PBXGroup;
			children = (
				081FBCF41D462765005838B8 /* BridgingHeader.h */,
				081FBC251D4625A6005838B8 /* Assets.xcassets */,
				081FBD2C1D463207005838B8 /* Resources */,
				081FBC2A1D4625A6005838B8 /* Info.plist */,
			);
			name = "Support Files";
			sourceTree = "<group>";
		};
		081FBCF61D46277D005838B8 /* System */ = {
			isa = PBXGroup;
			children = (
				087BFA111D82EC7700F940D4 /* AppDelegate.swift */,
				087BFA121D82EC7700F940D4 /* NSEvent+Fiber2d.swift */,
				081FBCBA1D462732005838B8 /* MetalView.swift */,
				087BFA0F1D82EB2600F940D4 /* main.swift */,
			);
			name = System;
			sourceTree = "<group>";
		};
		081FBCF71D462871005838B8 /* Engine */ = {
			isa = PBXGroup;
			children = (
				084AB53C1DCA32F70013AD51 /* Config */,
				08B3B5221DB56CB000D564CB /* File Handling */,
				08855BDC1D9DA6340090EA84 /* typedefs */,
				0885098B1D7B4F62003EF800 /* Protocols */,
				081FBD2F1D46343D005838B8 /* Layout */,
				081FBD2E1D463435005838B8 /* Base */,
				081FBD301D463446005838B8 /* Rendering */,
				081FBD311D463450005838B8 /* Input */,
				081FBD331D463463005838B8 /* Scene */,
				087BFA0C1D82D16600F940D4 /* Behaviour */,
				086652731D7333BA00BCD9CE /* Scheduling */,
				081FBD321D463457005838B8 /* Sprites */,
				082E8FEF1DB68AB600AD32AA /* Misc */,
				08C1CAC41D8EFFA6006CDCCB /* Physics */,
			);
			name = Engine;
			sourceTree = "<group>";
		};
		081FBD241D4628A2005838B8 /* Custom */ = {
			isa = PBXGroup;
			children = (
				080307201D9B1337008CAC8E /* UserComponents.swift */,
				081FBD251D4628F8005838B8 /* MainScene.swift */,
				08B3B51B1DB2B98200D564CB /* ViewportScene.swift */,
			);
			name = Custom;
			path = ..;
			sourceTree = "<group>";
		};
		081FBD2E1D463435005838B8 /* Base */ = {
			isa = PBXGroup;
			children = (
				081FBCFC1D46289A005838B8 /* Node.swift */,
				081FBCFD1D46289A005838B8 /* Node+Actions.swift */,
				081FBCFF1D46289A005838B8 /* Node+Convertation.swift */,
				0803071E1D9AFFDC008CAC8E /* Node+Hierarchy.swift */,
				081FBD011D46289A005838B8 /* Node+Scene.swift */,
				081FBD021D46289A005838B8 /* Node+Transform.swift */,
				081FBD031D46289A005838B8 /* Node+Traverse.swift */,
				0847405D1D8362FA0053DD2E /* Node+Component.swift */,
				080B06901DC9FAC80037E1F1 /* Node+Projection.swift */,
				081FBD041D46289A005838B8 /* RendarableNode.swift */,
			);
			name = Base;
			sourceTree = "<group>";
		};
		081FBD2F1D46343D005838B8 /* Layout */ = {
			isa = PBXGroup;
			children = (
				081FBCFA1D46289A005838B8 /* Layout.swift */,
				081FBCFB1D46289A005838B8 /* LayoutBox.swift */,
			);
			name = Layout;
			sourceTree = "<group>";
		};
		081FBD301D463446005838B8 /* Rendering */ = {
			isa = PBXGroup;
			children = (
				0812AD021D538D7600AE46E8 /* Color.swift */,
				081FBD051D46289A005838B8 /* RenderTexture.swift */,
				081FBD061D46289A005838B8 /* RenderTextureSprite.swift */,
			);
			name = Rendering;
			sourceTree = "<group>";
		};
		081FBD311D463450005838B8 /* Input */ = {
			isa = PBXGroup;
			children = (
				08B3B51D1DB5378100D564CB /* UITouch+Node.swift */,
				081FBD071D46289A005838B8 /* Responder.swift */,
				081FBD081D46289A005838B8 /* ResponderManager.swift */,
			);
			name = Input;
			sourceTree = "<group>";
		};
		081FBD321D463457005838B8 /* Sprites */ = {
			isa = PBXGroup;
			children = (
				081FBD0A1D46289A005838B8 /* Sprite.swift */,
				081FBD0B1D46289A005838B8 /* Sprite9Slice.swift */,
				081FBD0C1D46289A005838B8 /* SpriteFrame.swift */,
				080B06821DC9380E0037E1F1 /* SpriteFrameCache.swift */,
			);
			name = Sprites;
			sourceTree = "<group>";
		};
		081FBD331D463463005838B8 /* Scene */ = {
			isa = PBXGroup;
			children = (
				08FAB6DE1DAACA0200B3C10C /* Camera.swift */,
				081FBD091D46289A005838B8 /* Scene.swift */,
				08DE0B9B1DB1054300721CA0 /* Scene+Systems.swift */,
				08DE0B991DB02BE400721CA0 /* ViewportNode.swift */,
				081FBD0D1D46289A005838B8 /* Transition.swift */,
				081FBCF91D46289A005838B8 /* Director.swift */,
				080307261D9D4017008CAC8E /* Director+Internal.swift */,
				087BFA171D82F60500F940D4 /* Director+macOS.swift */,
				087BFA151D82F5C200F940D4 /* DirectorView.swift */,
			);
			name = Scene;
			sourceTree = "<group>";
		};
		082E8FEF1DB68AB600AD32AA /* Misc */ = {
			isa = PBXGroup;
			children = (
				081FBCF81D46289A005838B8 /* ColorNode.swift */,
			);
			name = Misc;
			sourceTree = "<group>";
		};
		084AB53C1DCA32F70013AD51 /* Config */ = {
			isa = PBXGroup;
			children = (
				084AB53D1DCA33040013AD51 /* Setup.swift */,
			);
			name = Config;
			sourceTree = "<group>";
		};
		086652731D7333BA00BCD9CE /* Scheduling */ = {
			isa = PBXGroup;
			children = (
				086652711D7333B500BCD9CE /* Scheduling.swift */,
				0866527C1D73359800BCD9CE /* Scheduler.swift */,
				0866527E1D7335D800BCD9CE /* Timer.swift */,
				088509A01D7CC91F003EF800 /* Actions */,
			);
			name = Scheduling;
			sourceTree = "<group>";
		};
		087BFA0C1D82D16600F940D4 /* Behaviour */ = {
			isa = PBXGroup;
			children = (
				080307181D994FED008CAC8E /* System.swift */,
				087BFA0D1D82D1BE00F940D4 /* Component.swift */,
				087BFA071D82D16100F940D4 /* Behaviour.swift */,
			);
			name = Behaviour;
			sourceTree = "<group>";
		};
		0885098B1D7B4F62003EF800 /* Protocols */ = {
			isa = PBXGroup;
			children = (
				088509891D7B4F2F003EF800 /* Tagged.swift */,
				080306F71D97F233008CAC8E /* Prioritized.swift */,
				080306F21D97F093008CAC8E /* BehaviourProtocol.swift */,
			);
			name = Protocols;
			sourceTree = "<group>";
		};
		088509A01D7CC91F003EF800 /* Actions */ = {
			isa = PBXGroup;
			children = (
				086652801D73412600BCD9CE /* Action.swift */,
				088509901D7B55AF003EF800 /* ActionInstant.swift */,
				0885098E1D7B548B003EF800 /* ActionContinous.swift */,
				0854AB381D7C95BF0037AB56 /* ActionConcurrent.swift */,
				088509981D7C6A5E003EF800 /* ActionSequence.swift */,
				088509921D7B7AD8003EF800 /* ActionRepeat.swift */,
				08BB5C811D7EE09E004A5561 /* ActionRewind.swift */,
				088509941D7B876D003EF800 /* ActionEase.swift */,
				0854AB361D7C91A90037AB56 /* ActionSpeed.swift */,
				08C5B59C1D80AA1800770DFD /* Implementations */,
			);
			name = Actions;
			sourceTree = "<group>";
		};
		08855BDC1D9DA6340090EA84 /* typedefs */ = {
			isa = PBXGroup;
			children = (
				080B068D1DC9EC900037E1F1 /* structs */,
				08855BDD1D9DA6340090EA84 /* enums */,
			);
			path = typedefs;
			sourceTree = "<group>";
		};
		08855BDD1D9DA6340090EA84 /* enums */ = {
			isa = PBXGroup;
			children = (
				08855BE31D9DA6540090EA84 /* UnitTypes.swift */,
			);
			path = enums;
			sourceTree = "<group>";
		};
		08A8D54B1D53DA8600262C0B /* Support */ = {
			isa = PBXGroup;
			children = (
				0812ACE01D52A6F900AE46E8 /* libpng.xcodeproj */,
				08A8D54C1D53DA9600262C0B /* Extensions-Temp.swift */,
				081FBCBC1D462732005838B8 /* ArrayExtensions.swift */,
			);
			name = Support;
			sourceTree = "<group>";
		};
		08B3B5221DB56CB000D564CB /* File Handling */ = {
			isa = PBXGroup;
			children = (
				08A73C091DCB2A7E00BF5AE8 /* File.swift */,
				0833CA541DCB47AE0090D4CC /* FileLocator.swift */,
				082E904D1DBE92DF00AD32AA /* Image.swift */,
				082E904F1DBE9B8700AD32AA /* Image+PNG.swift */,
			);
			name = "File Handling";
			sourceTree = "<group>";
		};
		08C1CAC41D8EFFA6006CDCCB /* Physics */ = {
			isa = PBXGroup;
			children = (
				080307221D9B1C44008CAC8E /* PhysicsSystem.swift */,
				08C1CB351D8F03D2006CDCCB /* PhysicsTypes.swift */,
				080306AB1D933B4D008CAC8E /* PhysicsContact.swift */,
				08C1CB331D8F01CA006CDCCB /* PhysicsWorld.swift */,
				08C1CB3E1D913C71006CDCCB /* PhysicsWorld+Joints.swift */,
				08C1CB401D914A07006CDCCB /* PhysicsWorld+Bodies.swift */,
				08C1CB461D915A1A006CDCCB /* PhysicsWorld+Shapes.swift */,
				08C1CB3C1D8F0DFF006CDCCB /* PhysicsWorld+Internal.swift */,
				08C1CB371D8F04A5006CDCCB /* PhysicsJoint.swift */,
				080306A41D932B1B008CAC8E /* PhysicsBody */,
				080306A81D932B25008CAC8E /* PhysicsShape */,
				08C1CAC81D8EFFAF006CDCCB /* Chipmunk */,
			);
			name = Physics;
			sourceTree = "<group>";
		};
		08C1CAC81D8EFFAF006CDCCB /* Chipmunk */ = {
			isa = PBXGroup;
			children = (
				08C1CACD1D8EFFD5006CDCCB /* include */,
				08C1CAED1D8EFFD5006CDCCB /* src */,
			);
			name = Chipmunk;
			sourceTree = "<group>";
		};
		08C1CACD1D8EFFD5006CDCCB /* include */ = {
			isa = PBXGroup;
			children = (
				08C1CACE1D8EFFD5006CDCCB /* chipmunk */,
			);
			name = include;
			path = external/chipmunk/include;
			sourceTree = SOURCE_ROOT;
		};
		08C1CACE1D8EFFD5006CDCCB /* chipmunk */ = {
			isa = PBXGroup;
			children = (
				08C1CACF1D8EFFD5006CDCCB /* chipmunk.h */,
				08C1CAD01D8EFFD5006CDCCB /* chipmunk_ffi.h */,
				08C1CAD11D8EFFD5006CDCCB /* chipmunk_private.h */,
				08C1CAD21D8EFFD5006CDCCB /* chipmunk_structs.h */,
				08C1CAD31D8EFFD5006CDCCB /* chipmunk_types.h */,
				08C1CAD41D8EFFD5006CDCCB /* chipmunk_unsafe.h */,
				08C1CAD51D8EFFD5006CDCCB /* cpArbiter.h */,
				08C1CAD61D8EFFD5006CDCCB /* cpBB.h */,
				08C1CAD71D8EFFD5006CDCCB /* cpBody.h */,
				08C1CAD81D8EFFD5006CDCCB /* cpConstraint.h */,
				08C1CAD91D8EFFD5006CDCCB /* cpDampedRotarySpring.h */,
				08C1CADA1D8EFFD5006CDCCB /* cpDampedSpring.h */,
				08C1CADB1D8EFFD5006CDCCB /* cpGearJoint.h */,
				08C1CADC1D8EFFD5006CDCCB /* cpGrooveJoint.h */,
				08C1CADD1D8EFFD5006CDCCB /* cpHastySpace.h */,
				08C1CADE1D8EFFD5006CDCCB /* cpMarch.h */,
				08C1CADF1D8EFFD5006CDCCB /* cpPinJoint.h */,
				08C1CAE01D8EFFD5006CDCCB /* cpPivotJoint.h */,
				08C1CAE11D8EFFD5006CDCCB /* cpPolyline.h */,
				08C1CAE21D8EFFD5006CDCCB /* cpPolyShape.h */,
				08C1CAE31D8EFFD5006CDCCB /* cpRatchetJoint.h */,
				08C1CAE41D8EFFD5006CDCCB /* cpRobust.h */,
				08C1CAE51D8EFFD5006CDCCB /* cpRotaryLimitJoint.h */,
				08C1CAE61D8EFFD5006CDCCB /* cpShape.h */,
				08C1CAE71D8EFFD5006CDCCB /* cpSimpleMotor.h */,
				08C1CAE81D8EFFD5006CDCCB /* cpSlideJoint.h */,
				08C1CAE91D8EFFD5006CDCCB /* cpSpace.h */,
				08C1CAEA1D8EFFD5006CDCCB /* cpSpatialIndex.h */,
				08C1CAEB1D8EFFD5006CDCCB /* cpTransform.h */,
				08C1CAEC1D8EFFD5006CDCCB /* cpVect.h */,
			);
			path = chipmunk;
			sourceTree = "<group>";
		};
		08C1CAED1D8EFFD5006CDCCB /* src */ = {
			isa = PBXGroup;
			children = (
				08C1CAEE1D8EFFD5006CDCCB /* chipmunk.c */,
				08C1CAEF1D8EFFD5006CDCCB /* CMakeLists.txt */,
				08C1CAF01D8EFFD5006CDCCB /* cpArbiter.c */,
				08C1CAF11D8EFFD5006CDCCB /* cpArray.c */,
				08C1CAF21D8EFFD5006CDCCB /* cpBBTree.c */,
				08C1CAF31D8EFFD5006CDCCB /* cpBody.c */,
				08C1CAF41D8EFFD5006CDCCB /* cpCollision.c */,
				08C1CAF51D8EFFD5006CDCCB /* cpConstraint.c */,
				08C1CAF61D8EFFD5006CDCCB /* cpDampedRotarySpring.c */,
				08C1CAF71D8EFFD5006CDCCB /* cpDampedSpring.c */,
				08C1CAF81D8EFFD5006CDCCB /* cpGearJoint.c */,
				08C1CAF91D8EFFD5006CDCCB /* cpGrooveJoint.c */,
				08C1CAFA1D8EFFD5006CDCCB /* cpHashSet.c */,
				08C1CAFB1D8EFFD5006CDCCB /* cpHastySpace.c */,
				08C1CAFC1D8EFFD5006CDCCB /* cpMarch.c */,
				08C1CAFD1D8EFFD5006CDCCB /* cpPinJoint.c */,
				08C1CAFE1D8EFFD5006CDCCB /* cpPivotJoint.c */,
				08C1CAFF1D8EFFD5006CDCCB /* cpPolyline.c */,
				08C1CB001D8EFFD5006CDCCB /* cpPolyShape.c */,
				08C1CB011D8EFFD5006CDCCB /* cpRatchetJoint.c */,
				08C1CB021D8EFFD5006CDCCB /* cpRobust.c */,
				08C1CB031D8EFFD5006CDCCB /* cpRotaryLimitJoint.c */,
				08C1CB041D8EFFD5006CDCCB /* cpShape.c */,
				08C1CB051D8EFFD5006CDCCB /* cpSimpleMotor.c */,
				08C1CB061D8EFFD5006CDCCB /* cpSlideJoint.c */,
				08C1CB071D8EFFD5006CDCCB /* cpSpace.c */,
				08C1CB081D8EFFD5006CDCCB /* cpSpaceComponent.c */,
				08C1CB091D8EFFD5006CDCCB /* cpSpaceDebug.c */,
				08C1CB0A1D8EFFD5006CDCCB /* cpSpaceHash.c */,
				08C1CB0B1D8EFFD5006CDCCB /* cpSpaceQuery.c */,
				08C1CB0C1D8EFFD5006CDCCB /* cpSpaceStep.c */,
				08C1CB0D1D8EFFD5006CDCCB /* cpSpatialIndex.c */,
				08C1CB0E1D8EFFD5006CDCCB /* cpSweep1D.c */,
				08C1CB0F1D8EFFD5006CDCCB /* prime.h */,
			);
			name = src;
			path = external/chipmunk/src;
			sourceTree = SOURCE_ROOT;
		};
		08C5B59C1D80AA1800770DFD /* Implementations */ = {
			isa = PBXGroup;
			children = (
				088509A41D7DADFB003EF800 /* ActionInstant+Node.swift */,
				0885098C1D7B5428003EF800 /* ActionTransform.swift */,
			);
			name = Implementations;
			sourceTree = "<group>";
		};
/* End PBXGroup section */

/* Begin PBXNativeTarget section */
		081FBC1F1D4625A6005838B8 /* Fiber2D */ = {
			isa = PBXNativeTarget;
			buildConfigurationList = 081FBC2D1D4625A6005838B8 /* Build configuration list for PBXNativeTarget "Fiber2D" */;
			buildPhases = (
				08AA0EE81DBFCB4D00748555 /* ShellScript */,
				081FBC1C1D4625A6005838B8 /* Sources */,
				081FBC1D1D4625A6005838B8 /* Frameworks */,
				081FBC1E1D4625A6005838B8 /* Resources */,
			);
			buildRules = (
			);
			dependencies = (
			);
			name = Fiber2D;
			productName = Fiber2D;
			productReference = 081FBC201D4625A6005838B8 /* Fiber2D.app */;
			productType = "com.apple.product-type.application";
		};
/* End PBXNativeTarget section */

/* Begin PBXProject section */
		081FBC181D4625A6005838B8 /* Project object */ = {
			isa = PBXProject;
			attributes = {
				LastSwiftUpdateCheck = 0730;
				LastUpgradeCheck = 0730;
				ORGANIZATIONNAME = s1ddok;
				TargetAttributes = {
					081FBC1F1D4625A6005838B8 = {
						CreatedOnToolsVersion = 7.3.1;
						LastSwiftMigration = 0800;
					};
				};
			};
			buildConfigurationList = 081FBC1B1D4625A6005838B8 /* Build configuration list for PBXProject "Fiber2D" */;
			compatibilityVersion = "Xcode 3.2";
			developmentRegion = English;
			hasScannedForEncodings = 0;
			knownRegions = (
				en,
				Base,
			);
			mainGroup = 081FBC171D4625A6005838B8;
			productRefGroup = 081FBC211D4625A6005838B8 /* Products */;
			projectDirPath = "";
			projectReferences = (
				{
					ProductGroup = 0812ACE11D52A6F900AE46E8 /* Products */;
					ProjectRef = 0812ACE01D52A6F900AE46E8 /* libpng.xcodeproj */;
				},
			);
			projectRoot = "";
			targets = (
				081FBC1F1D4625A6005838B8 /* Fiber2D */,
			);
		};
/* End PBXProject section */

/* Begin PBXReferenceProxy section */
		0812ACE71D52A6F900AE46E8 /* libpng.a */ = {
			isa = PBXReferenceProxy;
			fileType = archive.ar;
			path = libpng.a;
			remoteRef = 0812ACE61D52A6F900AE46E8 /* PBXContainerItemProxy */;
			sourceTree = BUILT_PRODUCTS_DIR;
		};
		0812ACE91D52A6F900AE46E8 /* libpng.a */ = {
			isa = PBXReferenceProxy;
			fileType = archive.ar;
			path = libpng.a;
			remoteRef = 0812ACE81D52A6F900AE46E8 /* PBXContainerItemProxy */;
			sourceTree = BUILT_PRODUCTS_DIR;
		};
		0812ACEB1D52A6F900AE46E8 /* libpng.a */ = {
			isa = PBXReferenceProxy;
			fileType = archive.ar;
			path = libpng.a;
			remoteRef = 0812ACEA1D52A6F900AE46E8 /* PBXContainerItemProxy */;
			sourceTree = BUILT_PRODUCTS_DIR;
		};
/* End PBXReferenceProxy section */

/* Begin PBXResourcesBuildPhase section */
		081FBC1E1D4625A6005838B8 /* Resources */ = {
			isa = PBXResourcesBuildPhase;
			buildActionMask = 2147483647;
			files = (
				081FBC261D4625A6005838B8 /* Assets.xcassets in Resources */,
				081FBD2D1D463207005838B8 /* Resources in Resources */,
				08C1CB111D8EFFD5006CDCCB /* CMakeLists.txt in Resources */,
			);
			runOnlyForDeploymentPostprocessing = 0;
		};
/* End PBXResourcesBuildPhase section */

/* Begin PBXShellScriptBuildPhase section */
		08AA0EE81DBFCB4D00748555 /* ShellScript */ = {
			isa = PBXShellScriptBuildPhase;
			buildActionMask = 2147483647;
			files = (
			);
			inputPaths = (
			);
			outputPaths = (
			);
			runOnlyForDeploymentPostprocessing = 0;
			shellPath = /bin/sh;
			shellScript = "# uncomment line below to build bgfx every time\n# sh prepare_bgfx_macos.sh\necho \"bgfx is built\"";
		};
/* End PBXShellScriptBuildPhase section */

/* Begin PBXSourcesBuildPhase section */
		081FBC1C1D4625A6005838B8 /* Sources */ = {
			isa = PBXSourcesBuildPhase;
			buildActionMask = 2147483647;
			files = (
				0866527F1D7335D800BCD9CE /* Timer.swift in Sources */,
				087BFA161D82F5C200F940D4 /* DirectorView.swift in Sources */,
				08C1CB151D8EFFD5006CDCCB /* cpBody.c in Sources */,
				08C1CB161D8EFFD5006CDCCB /* cpCollision.c in Sources */,
				080B06961DCA09F70037E1F1 /* RenderTextureSprite.swift in Sources */,
				087BFA141D82EC7700F940D4 /* NSEvent+Fiber2d.swift in Sources */,
				0803071F1D9AFFDC008CAC8E /* Node+Hierarchy.swift in Sources */,
				08C1CB491D91769C006CDCCB /* PhysicsBody+Internal.swift in Sources */,
				0885098A1D7B4F2F003EF800 /* Tagged.swift in Sources */,
				08DE0B9C1DB1054300721CA0 /* Scene+Systems.swift in Sources */,
				080306F31D97F093008CAC8E /* BehaviourProtocol.swift in Sources */,
				081FBD131D46289A005838B8 /* Node+Actions.swift in Sources */,
				08C1CB321D8F00C6006CDCCB /* PhysicsBody.swift in Sources */,
				08C1CB281D8EFFD5006CDCCB /* cpSlideJoint.c in Sources */,
				08C1CB301D8EFFD5006CDCCB /* cpSweep1D.c in Sources */,
				080B068F1DC9F60B0037E1F1 /* Texture.swift in Sources */,
				08C1CB1C1D8EFFD5006CDCCB /* cpHashSet.c in Sources */,
				08C1CB2F1D8EFFD5006CDCCB /* cpSpatialIndex.c in Sources */,
				08C1CB2A1D8EFFD5006CDCCB /* cpSpaceComponent.c in Sources */,
				087BFA131D82EC7700F940D4 /* AppDelegate.swift in Sources */,
				081FBD111D46289A005838B8 /* LayoutBox.swift in Sources */,
				082E904E1DBE92DF00AD32AA /* Image.swift in Sources */,
				08C1CB101D8EFFD5006CDCCB /* chipmunk.c in Sources */,
				08C1CB361D8F03D2006CDCCB /* PhysicsTypes.swift in Sources */,
				08A73C0A1DCB2A7E00BF5AE8 /* File.swift in Sources */,
				0812AD031D538D7600AE46E8 /* Color.swift in Sources */,
				08C1CB271D8EFFD5006CDCCB /* cpSimpleMotor.c in Sources */,
				08C1CB241D8EFFD5006CDCCB /* cpRobust.c in Sources */,
				080B06911DC9FAC80037E1F1 /* Node+Projection.swift in Sources */,
				080307271D9D4017008CAC8E /* Director+Internal.swift in Sources */,
				08C1CB1B1D8EFFD5006CDCCB /* cpGrooveJoint.c in Sources */,
				081FBD221D46289A005838B8 /* SpriteFrame.swift in Sources */,
				05BC34C01D85B8A300306A4F /* Shader.swift in Sources */,
				08C1CB2C1D8EFFD5006CDCCB /* cpSpaceHash.c in Sources */,
				088509991D7C6A5E003EF800 /* ActionSequence.swift in Sources */,
				08C1CB341D8F01CB006CDCCB /* PhysicsWorld.swift in Sources */,
				088509931D7B7AD8003EF800 /* ActionRepeat.swift in Sources */,
				080B06941DCA092C0037E1F1 /* Transition.swift in Sources */,
				05BC34C51D85BBB100306A4F /* BGFXRenderer.swift in Sources */,
				08C1CB131D8EFFD5006CDCCB /* cpArray.c in Sources */,
				08C1CB201D8EFFD5006CDCCB /* cpPivotJoint.c in Sources */,
				0817EE7D1DC381B40084DAD3 /* Texture+Image.swift in Sources */,
				08C1CB2E1D8EFFD5006CDCCB /* cpSpaceStep.c in Sources */,
				08C1CB121D8EFFD5006CDCCB /* cpArbiter.c in Sources */,
				086652721D7333B500BCD9CE /* Scheduling.swift in Sources */,
				0833CA591DCBACC70090D4CC /* Sprite9Slice.swift in Sources */,
				081FBD171D46289A005838B8 /* Node+Scene.swift in Sources */,
				081FBD1A1D46289A005838B8 /* RendarableNode.swift in Sources */,
				082AD7A11DCFD00E00BF495A /* Camera.swift in Sources */,
				08C1CB221D8EFFD5006CDCCB /* cpPolyShape.c in Sources */,
				081FBD0F1D46289A005838B8 /* Director.swift in Sources */,
				08C1CB4F1D919BCA006CDCCB /* PhysicsShape+Internal.swift in Sources */,
				082E90501DBE9B8700AD32AA /* Image+PNG.swift in Sources */,
				085567861DC53858009B5B60 /* BlendMode.swift in Sources */,
				0885098F1D7B548B003EF800 /* ActionContinous.swift in Sources */,
				08C1CB181D8EFFD5006CDCCB /* cpDampedRotarySpring.c in Sources */,
				087BFA0E1D82D1BE00F940D4 /* Component.swift in Sources */,
				08C1CB261D8EFFD5006CDCCB /* cpShape.c in Sources */,
				08C1CB3F1D913C71006CDCCB /* PhysicsWorld+Joints.swift in Sources */,
				08C1CB471D915A1A006CDCCB /* PhysicsWorld+Shapes.swift in Sources */,
				084AB53E1DCA33040013AD51 /* Setup.swift in Sources */,
				08C1CB411D914A07006CDCCB /* PhysicsWorld+Bodies.swift in Sources */,
				08C1CB1D1D8EFFD5006CDCCB /* cpHastySpace.c in Sources */,
				081FBD0E1D46289A005838B8 /* ColorNode.swift in Sources */,
				08BB5C821D7EE09E004A5561 /* ActionRewind.swift in Sources */,
				080307191D994FED008CAC8E /* System.swift in Sources */,
				081FBCE91D462732005838B8 /* MetalView.swift in Sources */,
				08C1CB211D8EFFD5006CDCCB /* cpPolyline.c in Sources */,
				086652811D73412600BCD9CE /* Action.swift in Sources */,
				080306B01D942000008CAC8E /* PhysicsShapePolygon.swift in Sources */,
				081FBD191D46289A005838B8 /* Node+Traverse.swift in Sources */,
				0885098D1D7B5428003EF800 /* ActionTransform.swift in Sources */,
				08C1CB381D8F04A5006CDCCB /* PhysicsJoint.swift in Sources */,
				081FBD1E1D46289A005838B8 /* ResponderManager.swift in Sources */,
				08C1CB231D8EFFD5006CDCCB /* cpRatchetJoint.c in Sources */,
				080307211D9B1337008CAC8E /* UserComponents.swift in Sources */,
				080B068C1DC9EC8C0037E1F1 /* WeakBox.swift in Sources */,
				0854AB371D7C91A90037AB56 /* ActionSpeed.swift in Sources */,
				08C1CB1E1D8EFFD5006CDCCB /* cpMarch.c in Sources */,
				081FBD261D4628F8005838B8 /* MainScene.swift in Sources */,
				081FBD1F1D46289A005838B8 /* Scene.swift in Sources */,
				080B06831DC9380E0037E1F1 /* SpriteFrameCache.swift in Sources */,
				088509911D7B55AF003EF800 /* ActionInstant.swift in Sources */,
				08C1CB141D8EFFD5006CDCCB /* cpBBTree.c in Sources */,
				08C1CB511D91B000006CDCCB /* PhysicsBody+Joints.swift in Sources */,
				088509A51D7DADFB003EF800 /* ActionInstant+Node.swift in Sources */,
				08C1CB171D8EFFD5006CDCCB /* cpConstraint.c in Sources */,
				080307231D9B1C45008CAC8E /* PhysicsSystem.swift in Sources */,
				0866527D1D73359800BCD9CE /* Scheduler.swift in Sources */,
				08C1CB4B1D917A6A006CDCCB /* PhysicsBody+Shapes.swift in Sources */,
				081FBD181D46289A005838B8 /* Node+Transform.swift in Sources */,
				08A8D54D1D53DA9600262C0B /* Extensions-Temp.swift in Sources */,
				085996B41DCDFDC0003A7B6A /* BGFXRenderer+RenderTexture.swift in Sources */,
				08C1CB4D1D917B0A006CDCCB /* PhysicsBody+Simulation.swift in Sources */,
				081FBD121D46289A005838B8 /* Node.swift in Sources */,
				08C1CB291D8EFFD5006CDCCB /* cpSpace.c in Sources */,
				08B3B51E1DB5378100D564CB /* UITouch+Node.swift in Sources */,
				080B06951DCA09410037E1F1 /* RenderTexture.swift in Sources */,
				080306AE1D941F4D008CAC8E /* PhysicsShapeBox.swift in Sources */,
				081FBCEA1D462732005838B8 /* ArrayExtensions.swift in Sources */,
				087BFA101D82EB2600F940D4 /* main.swift in Sources */,
				08C1CB1F1D8EFFD5006CDCCB /* cpPinJoint.c in Sources */,
				08855BE41D9DA6540090EA84 /* UnitTypes.swift in Sources */,
				0854AB391D7C95BF0037AB56 /* ActionConcurrent.swift in Sources */,
				05BC34BF1D85B8A300306A4F /* Renderer.swift in Sources */,
				08C1CB1A1D8EFFD5006CDCCB /* cpGearJoint.c in Sources */,
				081FBD201D46289A005838B8 /* Sprite.swift in Sources */,
				087BFA081D82D16100F940D4 /* Behaviour.swift in Sources */,
				080306AC1D933B4D008CAC8E /* PhysicsContact.swift in Sources */,
				0847405E1D8362FA0053DD2E /* Node+Component.swift in Sources */,
				08C1CB3D1D8F0DFF006CDCCB /* PhysicsWorld+Internal.swift in Sources */,
				08C1CB251D8EFFD5006CDCCB /* cpRotaryLimitJoint.c in Sources */,
				0833CA551DCB47AE0090D4CC /* FileLocator.swift in Sources */,
				080306AA1D932B3B008CAC8E /* PhysicsShapeCircle.swift in Sources */,
				080B06931DC9FE3E0037E1F1 /* TextureCache.swift in Sources */,
				08C1CB2D1D8EFFD5006CDCCB /* cpSpaceQuery.c in Sources */,
				082AD79D1DCFD00700BF495A /* ViewportNode.swift in Sources */,
				081FBD151D46289A005838B8 /* Node+Convertation.swift in Sources */,
				082AD7A21DCFD38B00BF495A /* ViewportScene.swift in Sources */,
				08C1CB2B1D8EFFD5006CDCCB /* cpSpaceDebug.c in Sources */,
				05D231C11D9CD19000611AA3 /* BGFXView.swift in Sources */,
				081FBD101D46289A005838B8 /* Layout.swift in Sources */,
				08C1CB431D915950006CDCCB /* PhysicsShape.swift in Sources */,
				081FBD1D1D46289A005838B8 /* Responder.swift in Sources */,
				08C1CB191D8EFFD5006CDCCB /* cpDampedSpring.c in Sources */,
				088509951D7B876D003EF800 /* ActionEase.swift in Sources */,
				080306F81D97F233008CAC8E /* Prioritized.swift in Sources */,
				087BFA181D82F60500F940D4 /* Director+macOS.swift in Sources */,
			);
			runOnlyForDeploymentPostprocessing = 0;
		};
/* End PBXSourcesBuildPhase section */

/* Begin XCBuildConfiguration section */
		081FBC2B1D4625A6005838B8 /* Debug */ = {
			isa = XCBuildConfiguration;
			buildSettings = {
				ALWAYS_SEARCH_USER_PATHS = NO;
				CLANG_ANALYZER_NONNULL = YES;
				CLANG_CXX_LANGUAGE_STANDARD = "gnu++0x";
				CLANG_CXX_LIBRARY = "libc++";
				CLANG_ENABLE_MODULES = YES;
				CLANG_ENABLE_OBJC_ARC = YES;
				CLANG_WARN_BOOL_CONVERSION = YES;
				CLANG_WARN_CONSTANT_CONVERSION = YES;
				CLANG_WARN_DIRECT_OBJC_ISA_USAGE = YES_ERROR;
				CLANG_WARN_EMPTY_BODY = YES;
				CLANG_WARN_ENUM_CONVERSION = YES;
				CLANG_WARN_INT_CONVERSION = YES;
				CLANG_WARN_OBJC_ROOT_CLASS = YES_ERROR;
				CLANG_WARN_UNREACHABLE_CODE = YES;
				CLANG_WARN__DUPLICATE_METHOD_MATCH = YES;
				CODE_SIGN_IDENTITY = "-";
				COPY_PHASE_STRIP = NO;
				DEBUG_INFORMATION_FORMAT = dwarf;
				ENABLE_STRICT_OBJC_MSGSEND = YES;
				ENABLE_TESTABILITY = YES;
				GCC_C_LANGUAGE_STANDARD = gnu99;
				GCC_DYNAMIC_NO_PIC = NO;
				GCC_NO_COMMON_BLOCKS = YES;
				GCC_OPTIMIZATION_LEVEL = 0;
				GCC_PREPROCESSOR_DEFINITIONS = (
					"DEBUG=1",
					"$(inherited)",
				);
				GCC_WARN_64_TO_32_BIT_CONVERSION = YES;
				GCC_WARN_ABOUT_RETURN_TYPE = YES_ERROR;
				GCC_WARN_UNDECLARED_SELECTOR = YES;
				GCC_WARN_UNINITIALIZED_AUTOS = YES_AGGRESSIVE;
				GCC_WARN_UNUSED_FUNCTION = YES;
				GCC_WARN_UNUSED_VARIABLE = YES;
				MACOSX_DEPLOYMENT_TARGET = 10.11;
				MTL_ENABLE_DEBUG_INFO = YES;
				ONLY_ACTIVE_ARCH = YES;
				SDKROOT = macosx;
				SWIFT_OPTIMIZATION_LEVEL = "-Onone";
			};
			name = Debug;
		};
		081FBC2C1D4625A6005838B8 /* Release */ = {
			isa = XCBuildConfiguration;
			buildSettings = {
				ALWAYS_SEARCH_USER_PATHS = NO;
				CLANG_ANALYZER_NONNULL = YES;
				CLANG_CXX_LANGUAGE_STANDARD = "gnu++0x";
				CLANG_CXX_LIBRARY = "libc++";
				CLANG_ENABLE_MODULES = YES;
				CLANG_ENABLE_OBJC_ARC = YES;
				CLANG_WARN_BOOL_CONVERSION = YES;
				CLANG_WARN_CONSTANT_CONVERSION = YES;
				CLANG_WARN_DIRECT_OBJC_ISA_USAGE = YES_ERROR;
				CLANG_WARN_EMPTY_BODY = YES;
				CLANG_WARN_ENUM_CONVERSION = YES;
				CLANG_WARN_INT_CONVERSION = YES;
				CLANG_WARN_OBJC_ROOT_CLASS = YES_ERROR;
				CLANG_WARN_UNREACHABLE_CODE = YES;
				CLANG_WARN__DUPLICATE_METHOD_MATCH = YES;
				CODE_SIGN_IDENTITY = "-";
				COPY_PHASE_STRIP = NO;
				DEBUG_INFORMATION_FORMAT = "dwarf-with-dsym";
				ENABLE_NS_ASSERTIONS = NO;
				ENABLE_STRICT_OBJC_MSGSEND = YES;
				GCC_C_LANGUAGE_STANDARD = gnu99;
				GCC_NO_COMMON_BLOCKS = YES;
				GCC_WARN_64_TO_32_BIT_CONVERSION = YES;
				GCC_WARN_ABOUT_RETURN_TYPE = YES_ERROR;
				GCC_WARN_UNDECLARED_SELECTOR = YES;
				GCC_WARN_UNINITIALIZED_AUTOS = YES_AGGRESSIVE;
				GCC_WARN_UNUSED_FUNCTION = YES;
				GCC_WARN_UNUSED_VARIABLE = YES;
				MACOSX_DEPLOYMENT_TARGET = 10.11;
				MTL_ENABLE_DEBUG_INFO = NO;
				SDKROOT = macosx;
			};
			name = Release;
		};
		081FBC2E1D4625A6005838B8 /* Debug */ = {
			isa = XCBuildConfiguration;
			baseConfigurationReference = 054764DE1D829473003DC740 /* Config.xcconfig */;
			buildSettings = {
				ASSETCATALOG_COMPILER_APPICON_NAME = AppIcon;
				COMBINE_HIDPI_IMAGES = YES;
				HEADER_SEARCH_PATHS = (
					"$(SRCROOT)/Fiber2D/cocos2d-legacy/**",
					"$(SRCROOT)/external/math/**",
					"$(SRCROOT)/external/libpng/**",
					"$(SRCROOT)/external/chipmunk/**",
				);
				INFOPLIST_FILE = Fiber2D/Info.plist;
				LD_RUNPATH_SEARCH_PATHS = "$(inherited) @executable_path/../Frameworks";
				LIBRARY_SEARCH_PATHS = (
					"$(inherited)",
					"$(PROJECT_DIR)/external/SwiftBGFX/SwiftBGFX/.build/debug",
				);
				MTL_HEADER_SEARCH_PATHS = "$(SRCROOT)/Fiber2D/cocos2d-legacy/**";
				OTHER_SWIFT_FLAGS = "-DENABLE_STACKABLE_ACTIONS";
				PRODUCT_BUNDLE_IDENTIFIER = me.s1ddok.Fiber2D;
				PRODUCT_NAME = "$(TARGET_NAME)";
				SWIFT_INCLUDE_PATHS = "$(SRCROOT)/external/SwiftBGFX/SwiftBGFX/.build/debug";
				SWIFT_OBJC_BRIDGING_HEADER = Fiber2D/BridgingHeader.h;
				SWIFT_OPTIMIZATION_LEVEL = "-Onone";
				SWIFT_VERSION = 3.0;
				USER_HEADER_SEARCH_PATHS = "Fiber2D/cocos2d-legacy/** $(SRCROOT)/external/**";
			};
			name = Debug;
		};
		081FBC2F1D4625A6005838B8 /* Release */ = {
			isa = XCBuildConfiguration;
			buildSettings = {
				ASSETCATALOG_COMPILER_APPICON_NAME = AppIcon;
				COMBINE_HIDPI_IMAGES = YES;
				HEADER_SEARCH_PATHS = (
					"$(SRCROOT)/Fiber2D/cocos2d-legacy/**",
					"$(SRCROOT)/external/math/**",
					"$(SRCROOT)/external/libpng/**",
					"$(SRCROOT)/external/chipmunk/**",
				);
				INFOPLIST_FILE = Fiber2D/Info.plist;
				LD_RUNPATH_SEARCH_PATHS = "$(inherited) @executable_path/../Frameworks";
				LIBRARY_SEARCH_PATHS = (
					"$(inherited)",
					"$(PROJECT_DIR)/external/SwiftBGFX/SwiftBGFX/.build/debug",
				);
				MTL_HEADER_SEARCH_PATHS = "$(SRCROOT)/Fiber2D/cocos2d-legacy/**";
				OTHER_SWIFT_FLAGS = "-DENABLE_STACKABLE_ACTIONS";
				PRODUCT_BUNDLE_IDENTIFIER = me.s1ddok.Fiber2D;
				PRODUCT_NAME = "$(TARGET_NAME)";
				SWIFT_INCLUDE_PATHS = "";
				SWIFT_OBJC_BRIDGING_HEADER = Fiber2D/BridgingHeader.h;
				SWIFT_OPTIMIZATION_LEVEL = "-Owholemodule";
				SWIFT_VERSION = 3.0;
				USER_HEADER_SEARCH_PATHS = "Fiber2D/cocos2d-legacy/** $(SRCROOT)/external/**";
			};
			name = Release;
		};
/* End XCBuildConfiguration section */

/* Begin XCConfigurationList section */
		081FBC1B1D4625A6005838B8 /* Build configuration list for PBXProject "Fiber2D" */ = {
			isa = XCConfigurationList;
			buildConfigurations = (
				081FBC2B1D4625A6005838B8 /* Debug */,
				081FBC2C1D4625A6005838B8 /* Release */,
			);
			defaultConfigurationIsVisible = 0;
			defaultConfigurationName = Release;
		};
		081FBC2D1D4625A6005838B8 /* Build configuration list for PBXNativeTarget "Fiber2D" */ = {
			isa = XCConfigurationList;
			buildConfigurations = (
				081FBC2E1D4625A6005838B8 /* Debug */,
				081FBC2F1D4625A6005838B8 /* Release */,
			);
			defaultConfigurationIsVisible = 0;
			defaultConfigurationName = Release;
		};
/* End XCConfigurationList section */
	};
	rootObject = 081FBC181D4625A6005838B8 /* Project object */;
}
