// !$*UTF8*$!
{
	archiveVersion = 1;
	classes = {
	};
	objectVersion = 46;
	objects = {

/* Begin PBXBuildFile section */
		081FBC241D4625A6005838B8 /* AppDelegate.swift in Sources */ = {isa = PBXBuildFile; fileRef = 081FBC231D4625A6005838B8 /* AppDelegate.swift */; };
		081FBC261D4625A6005838B8 /* Assets.xcassets in Resources */ = {isa = PBXBuildFile; fileRef = 081FBC251D4625A6005838B8 /* Assets.xcassets */; };
		081FBC291D4625A6005838B8 /* MainMenu.xib in Resources */ = {isa = PBXBuildFile; fileRef = 081FBC271D4625A6005838B8 /* MainMenu.xib */; };
/* End PBXBuildFile section */

/* Begin PBXFileReference section */
		081FBC201D4625A6005838B8 /* Fiber2D.app */ = {isa = PBXFileReference; explicitFileType = wrapper.application; includeInIndex = 0; path = Fiber2D.app; sourceTree = BUILT_PRODUCTS_DIR; };
		081FBC231D4625A6005838B8 /* AppDelegate.swift */ = {isa = PBXFileReference; lastKnownFileType = sourcecode.swift; path = AppDelegate.swift; sourceTree = "<group>"; };
		081FBC251D4625A6005838B8 /* Assets.xcassets */ = {isa = PBXFileReference; lastKnownFileType = folder.assetcatalog; path = Assets.xcassets; sourceTree = "<group>"; };
		081FBC281D4625A6005838B8 /* Base */ = {isa = PBXFileReference; lastKnownFileType = file.xib; name = Base; path = Base.lproj/MainMenu.xib; sourceTree = "<group>"; };
		081FBC2A1D4625A6005838B8 /* Info.plist */ = {isa = PBXFileReference; lastKnownFileType = text.plist.xml; path = Info.plist; sourceTree = "<group>"; };
/* End PBXFileReference section */

/* Begin PBXFrameworksBuildPhase section */
		081FBC1D1D4625A6005838B8 /* Frameworks */ = {
			isa = PBXFrameworksBuildPhase;
			buildActionMask = 2147483647;
			files = (
			);
			runOnlyForDeploymentPostprocessing = 0;
		};
/* End PBXFrameworksBuildPhase section */

/* Begin PBXGroup section */
		081FBC171D4625A6005838B8 = {
			isa = PBXGroup;
			children = (
				081FBC221D4625A6005838B8 /* Fiber2D */,
				081FBC211D4625A6005838B8 /* Products */,
			);
			sourceTree = "<group>";
		};
		081FBC211D4625A6005838B8 /* Products */ = {
			isa = PBXGroup;
			children = (
				081FBC201D4625A6005838B8 /* Fiber2D.app */,
			);
			name = Products;
			sourceTree = "<group>";
		};
		081FBC221D4625A6005838B8 /* Fiber2D */ = {
			isa = PBXGroup;
			children = (
				081FBC231D4625A6005838B8 /* AppDelegate.swift */,
				081FBC251D4625A6005838B8 /* Assets.xcassets */,
				081FBC271D4625A6005838B8 /* MainMenu.xib */,
				081FBC2A1D4625A6005838B8 /* Info.plist */,
			);
			path = Fiber2D;
			sourceTree = "<group>";
		};
/* End PBXGroup section */

/* Begin PBXNativeTarget section */
		081FBC1F1D4625A6005838B8 /* Fiber2D */ = {
			isa = PBXNativeTarget;
			buildConfigurationList = 081FBC2D1D4625A6005838B8 /* Build configuration list for PBXNativeTarget "Fiber2D" */;
			buildPhases = (
				081FBC1C1D4625A6005838B8 /* Sources */,
				081FBC1D1D4625A6005838B8 /* Frameworks */,
				081FBC1E1D4625A6005838B8 /* Resources */,
			);
			buildRules = (
			);
			dependencies = (
			);
			name = Fiber2D;
			productName = Fiber2D;
			productReference = 081FBC201D4625A6005838B8 /* Fiber2D.app */;
			productType = "com.apple.product-type.application";
		};
/* End PBXNativeTarget section */

/* Begin PBXProject section */
		081FBC181D4625A6005838B8 /* Project object */ = {
			isa = PBXProject;
			attributes = {
				LastSwiftUpdateCheck = 0730;
				LastUpgradeCheck = 0730;
				ORGANIZATIONNAME = s1ddok;
				TargetAttributes = {
					081FBC1F1D4625A6005838B8 = {
						CreatedOnToolsVersion = 7.3.1;
					};
				};
			};
			buildConfigurationList = 081FBC1B1D4625A6005838B8 /* Build configuration list for PBXProject "Fiber2D" */;
			compatibilityVersion = "Xcode 3.2";
			developmentRegion = English;
			hasScannedForEncodings = 0;
			knownRegions = (
				en,
				Base,
			);
			mainGroup = 081FBC171D4625A6005838B8;
			productRefGroup = 081FBC211D4625A6005838B8 /* Products */;
			projectDirPath = "";
			projectRoot = "";
			targets = (
				081FBC1F1D4625A6005838B8 /* Fiber2D */,
			);
		};
/* End PBXProject section */

/* Begin PBXResourcesBuildPhase section */
		081FBC1E1D4625A6005838B8 /* Resources */ = {
			isa = PBXResourcesBuildPhase;
			buildActionMask = 2147483647;
			files = (
				081FBC261D4625A6005838B8 /* Assets.xcassets in Resources */,
				081FBC291D4625A6005838B8 /* MainMenu.xib in Resources */,
			);
			runOnlyForDeploymentPostprocessing = 0;
		};
/* End PBXResourcesBuildPhase section */

/* Begin PBXSourcesBuildPhase section */
		081FBC1C1D4625A6005838B8 /* Sources */ = {
			isa = PBXSourcesBuildPhase;
			buildActionMask = 2147483647;
			files = (
				081FBC241D4625A6005838B8 /* AppDelegate.swift in Sources */,
			);
			runOnlyForDeploymentPostprocessing = 0;
		};
/* End PBXSourcesBuildPhase section */

/* Begin PBXVariantGroup section */
		081FBC271D4625A6005838B8 /* MainMenu.xib */ = {
			isa = PBXVariantGroup;
			children = (
				081FBC281D4625A6005838B8 /* Base */,
			);
			name = MainMenu.xib;
			sourceTree = "<group>";
		};
/* End PBXVariantGroup section */

/* Begin XCBuildConfiguration section */
		081FBC2B1D4625A6005838B8 /* Debug */ = {
			isa = XCBuildConfiguration;
			buildSettings = {
				ALWAYS_SEARCH_USER_PATHS = NO;
				CLANG_ANALYZER_NONNULL = YES;
				CLANG_CXX_LANGUAGE_STANDARD = "gnu++0x";
				CLANG_CXX_LIBRARY = "libc++";
				CLANG_ENABLE_MODULES = YES;
				CLANG_ENABLE_OBJC_ARC = YES;
				CLANG_WARN_BOOL_CONVERSION = YES;
				CLANG_WARN_CONSTANT_CONVERSION = YES;
				CLANG_WARN_DIRECT_OBJC_ISA_USAGE = YES_ERROR;
				CLANG_WARN_EMPTY_BODY = YES;
				CLANG_WARN_ENUM_CONVERSION = YES;
				CLANG_WARN_INT_CONVERSION = YES;
				CLANG_WARN_OBJC_ROOT_CLASS = YES_ERROR;
				CLANG_WARN_UNREACHABLE_CODE = YES;
				CLANG_WARN__DUPLICATE_METHOD_MATCH = YES;
				CODE_SIGN_IDENTITY = "-";
				COPY_PHASE_STRIP = NO;
				DEBUG_INFORMATION_FORMAT = dwarf;
				ENABLE_STRICT_OBJC_MSGSEND = YES;
				ENABLE_TESTABILITY = YES;
				GCC_C_LANGUAGE_STANDARD = gnu99;
				GCC_DYNAMIC_NO_PIC = NO;
				GCC_NO_COMMON_BLOCKS = YES;
				GCC_OPTIMIZATION_LEVEL = 0;
				GCC_PREPROCESSOR_DEFINITIONS = (
					"DEBUG=1",
					"$(inherited)",
				);
				GCC_WARN_64_TO_32_BIT_CONVERSION = YES;
				GCC_WARN_ABOUT_RETURN_TYPE = YES_ERROR;
				GCC_WARN_UNDECLARED_SELECTOR = YES;
				GCC_WARN_UNINITIALIZED_AUTOS = YES_AGGRESSIVE;
				GCC_WARN_UNUSED_FUNCTION = YES;
				GCC_WARN_UNUSED_VARIABLE = YES;
				MACOSX_DEPLOYMENT_TARGET = 10.11;
				MTL_ENABLE_DEBUG_INFO = YES;
				ONLY_ACTIVE_ARCH = YES;
				SDKROOT = macosx;
				SWIFT_OPTIMIZATION_LEVEL = "-Onone";
			};
			name = Debug;
		};
		081FBC2C1D4625A6005838B8 /* Release */ = {
			isa = XCBuildConfiguration;
			buildSettings = {
				ALWAYS_SEARCH_USER_PATHS = NO;
				CLANG_ANALYZER_NONNULL = YES;
				CLANG_CXX_LANGUAGE_STANDARD = "gnu++0x";
				CLANG_CXX_LIBRARY = "libc++";
				CLANG_ENABLE_MODULES = YES;
				CLANG_ENABLE_OBJC_ARC = YES;
				CLANG_WARN_BOOL_CONVERSION = YES;
				CLANG_WARN_CONSTANT_CONVERSION = YES;
				CLANG_WARN_DIRECT_OBJC_ISA_USAGE = YES_ERROR;
				CLANG_WARN_EMPTY_BODY = YES;
				CLANG_WARN_ENUM_CONVERSION = YES;
				CLANG_WARN_INT_CONVERSION = YES;
				CLANG_WARN_OBJC_ROOT_CLASS = YES_ERROR;
				CLANG_WARN_UNREACHABLE_CODE = YES;
				CLANG_WARN__DUPLICATE_METHOD_MATCH = YES;
				CODE_SIGN_IDENTITY = "-";
				COPY_PHASE_STRIP = NO;
				DEBUG_INFORMATION_FORMAT = "dwarf-with-dsym";
				ENABLE_NS_ASSERTIONS = NO;
				ENABLE_STRICT_OBJC_MSGSEND = YES;
				GCC_C_LANGUAGE_STANDARD = gnu99;
				GCC_NO_COMMON_BLOCKS = YES;
				GCC_WARN_64_TO_32_BIT_CONVERSION = YES;
				GCC_WARN_ABOUT_RETURN_TYPE = YES_ERROR;
				GCC_WARN_UNDECLARED_SELECTOR = YES;
				GCC_WARN_UNINITIALIZED_AUTOS = YES_AGGRESSIVE;
				GCC_WARN_UNUSED_FUNCTION = YES;
				GCC_WARN_UNUSED_VARIABLE = YES;
				MACOSX_DEPLOYMENT_TARGET = 10.11;
				MTL_ENABLE_DEBUG_INFO = NO;
				SDKROOT = macosx;
			};
			name = Release;
		};
		081FBC2E1D4625A6005838B8 /* Debug */ = {
			isa = XCBuildConfiguration;
			buildSettings = {
				ASSETCATALOG_COMPILER_APPICON_NAME = AppIcon;
				COMBINE_HIDPI_IMAGES = YES;
				INFOPLIST_FILE = Fiber2D/Info.plist;
				LD_RUNPATH_SEARCH_PATHS = "$(inherited) @executable_path/../Frameworks";
				PRODUCT_BUNDLE_IDENTIFIER = me.s1ddok.Fiber2D;
				PRODUCT_NAME = "$(TARGET_NAME)";
			};
			name = Debug;
		};
		081FBC2F1D4625A6005838B8 /* Release */ = {
			isa = XCBuildConfiguration;
			buildSettings = {
				ASSETCATALOG_COMPILER_APPICON_NAME = AppIcon;
				COMBINE_HIDPI_IMAGES = YES;
				INFOPLIST_FILE = Fiber2D/Info.plist;
				LD_RUNPATH_SEARCH_PATHS = "$(inherited) @executable_path/../Frameworks";
				PRODUCT_BUNDLE_IDENTIFIER = me.s1ddok.Fiber2D;
				PRODUCT_NAME = "$(TARGET_NAME)";
			};
			name = Release;
		};
/* End XCBuildConfiguration section */

/* Begin XCConfigurationList section */
		081FBC1B1D4625A6005838B8 /* Build configuration list for PBXProject "Fiber2D" */ = {
			isa = XCConfigurationList;
			buildConfigurations = (
				081FBC2B1D4625A6005838B8 /* Debug */,
				081FBC2C1D4625A6005838B8 /* Release */,
			);
			defaultConfigurationIsVisible = 0;
			defaultConfigurationName = Release;
		};
		081FBC2D1D4625A6005838B8 /* Build configuration list for PBXNativeTarget "Fiber2D" */ = {
			isa = XCConfigurationList;
			buildConfigurations = (
				081FBC2E1D4625A6005838B8 /* Debug */,
				081FBC2F1D4625A6005838B8 /* Release */,
			);
			defaultConfigurationIsVisible = 0;
		};
/* End XCConfigurationList section */
	};
	rootObject = 081FBC181D4625A6005838B8 /* Project object */;
}
